// !$*UTF8*$!
{
	archiveVersion = 1;
	classes = {
	};
	objectVersion = 50;
	objects = {

/* Begin PBXBuildFile section */
		C101D1E425DC5789000E86E0 /* WelcomeView.swift in Sources */ = {isa = PBXBuildFile; fileRef = C101D1E325DC5789000E86E0 /* WelcomeView.swift */; };
		C10AA70125EA2C59006C7531 /* PopupView.swift in Sources */ = {isa = PBXBuildFile; fileRef = C10AA70025EA2C59006C7531 /* PopupView.swift */; };
		C1102DAA25E8A0180054C992 /* FireworkView.swift in Sources */ = {isa = PBXBuildFile; fileRef = C1102DA925E8A0180054C992 /* FireworkView.swift */; };
		C11545AC25E7478100E8B591 /* SparkTractory.swift in Sources */ = {isa = PBXBuildFile; fileRef = C11545AB25E7478100E8B591 /* SparkTractory.swift */; };
		C11545B025E74CF300E8B591 /* SparkView.swift in Sources */ = {isa = PBXBuildFile; fileRef = C11545AF25E74CF300E8B591 /* SparkView.swift */; };
		C11545B325E74E1C00E8B591 /* Firework.swift in Sources */ = {isa = PBXBuildFile; fileRef = C11545B225E74E1C00E8B591 /* Firework.swift */; };
		C11545B625E7578000E8B591 /* ClassicFirework.swift in Sources */ = {isa = PBXBuildFile; fileRef = C11545B525E7578000E8B591 /* ClassicFirework.swift */; };
		C131A08525EF47A50060193A /* KronaOne-Regular.ttf in Resources */ = {isa = PBXBuildFile; fileRef = C131A08425EF47A50060193A /* KronaOne-Regular.ttf */; };
		C18DD74A25DEFDD600A29151 /* RedBorder.swift in Sources */ = {isa = PBXBuildFile; fileRef = C18DD74925DEFDD600A29151 /* RedBorder.swift */; };
		C18DD74E25DF60BE00A29151 /* BlueBorder.swift in Sources */ = {isa = PBXBuildFile; fileRef = C18DD74D25DF60BE00A29151 /* BlueBorder.swift */; };
		C1CE2BB625E77B740012E731 /* ClassFireworkAnimator.swift in Sources */ = {isa = PBXBuildFile; fileRef = C1CE2BB525E77B740012E731 /* ClassFireworkAnimator.swift */; };
		C1CE2BB925E7824A0012E731 /* ClassicFireworkController.swift in Sources */ = {isa = PBXBuildFile; fileRef = C1CE2BB825E7824A0012E731 /* ClassicFireworkController.swift */; };
		C1CE2BBC25E792BE0012E731 /* CGPoint+Extensions.swift in Sources */ = {isa = PBXBuildFile; fileRef = C1CE2BBB25E792BE0012E731 /* CGPoint+Extensions.swift */; };
		C1D1CFE225DA0ED500A6EAAE /* Cell.swift in Sources */ = {isa = PBXBuildFile; fileRef = C1D1CFE125DA0ED500A6EAAE /* Cell.swift */; };
		C1D1CFE725DB6CBE00A6EAAE /* Array+Identifiable.swift in Sources */ = {isa = PBXBuildFile; fileRef = C1D1CFE625DB6CBE00A6EAAE /* Array+Identifiable.swift */; };
		C6596A2F25DB0B0200A0F94B /* GameBoard.swift in Sources */ = {isa = PBXBuildFile; fileRef = C6596A2E25DB0B0200A0F94B /* GameBoard.swift */; };
		C6596A3325DB11F000A0F94B /* Queue.swift in Sources */ = {isa = PBXBuildFile; fileRef = C6596A3225DB11F000A0F94B /* Queue.swift */; };
		C6596A3825DB1BA500A0F94B /* TwoPlayersGame.swift in Sources */ = {isa = PBXBuildFile; fileRef = C6596A3725DB1BA500A0F94B /* TwoPlayersGame.swift */; };
		C6596A4725DB40B400A0F94B /* MonteCarlo.swift in Sources */ = {isa = PBXBuildFile; fileRef = C6596A4625DB40B400A0F94B /* MonteCarlo.swift */; };
		C699737925D9F4DB00337F70 /* HexApp.swift in Sources */ = {isa = PBXBuildFile; fileRef = C699737825D9F4DB00337F70 /* HexApp.swift */; };
		C699737B25D9F4DB00337F70 /* GameView.swift in Sources */ = {isa = PBXBuildFile; fileRef = C699737A25D9F4DB00337F70 /* GameView.swift */; };
		C699737D25D9F4DC00337F70 /* Assets.xcassets in Resources */ = {isa = PBXBuildFile; fileRef = C699737C25D9F4DC00337F70 /* Assets.xcassets */; };
		C699738025D9F4DC00337F70 /* Preview Assets.xcassets in Resources */ = {isa = PBXBuildFile; fileRef = C699737F25D9F4DC00337F70 /* Preview Assets.xcassets */; };
		C699738A25D9F51C00337F70 /* PolygonShape.swift in Sources */ = {isa = PBXBuildFile; fileRef = C699738925D9F51C00337F70 /* PolygonShape.swift */; };
		C699739025D9F96600337F70 /* HexGrid.swift in Sources */ = {isa = PBXBuildFile; fileRef = C699738F25D9F96600337F70 /* HexGrid.swift */; };
		C699739425D9FF2800337F70 /* CellView.swift in Sources */ = {isa = PBXBuildFile; fileRef = C699739325D9FF2800337F70 /* CellView.swift */; };
		C6B09AD425DE126000C96782 /* DumpAI.swift in Sources */ = {isa = PBXBuildFile; fileRef = C6B09AD325DE126000C96782 /* DumpAI.swift */; };
		C6B09AD825DE142D00C96782 /* SinglePlayerGame.swift in Sources */ = {isa = PBXBuildFile; fileRef = C6B09AD725DE142D00C96782 /* SinglePlayerGame.swift */; };
		C6B09ADB25DEF36E00C96782 /* GameMode.swift in Sources */ = {isa = PBXBuildFile; fileRef = C6B09ADA25DEF36E00C96782 /* GameMode.swift */; };
/* End PBXBuildFile section */

/* Begin PBXFileReference section */
		C101D1E325DC5789000E86E0 /* WelcomeView.swift */ = {isa = PBXFileReference; lastKnownFileType = sourcecode.swift; path = WelcomeView.swift; sourceTree = "<group>"; };
		C10AA70025EA2C59006C7531 /* PopupView.swift */ = {isa = PBXFileReference; fileEncoding = 4; lastKnownFileType = sourcecode.swift; path = PopupView.swift; sourceTree = "<group>"; };
		C1102DA925E8A0180054C992 /* FireworkView.swift */ = {isa = PBXFileReference; lastKnownFileType = sourcecode.swift; path = FireworkView.swift; sourceTree = "<group>"; };
		C11545AB25E7478100E8B591 /* SparkTractory.swift */ = {isa = PBXFileReference; lastKnownFileType = sourcecode.swift; path = SparkTractory.swift; sourceTree = "<group>"; };
		C11545AF25E74CF300E8B591 /* SparkView.swift */ = {isa = PBXFileReference; lastKnownFileType = sourcecode.swift; path = SparkView.swift; sourceTree = "<group>"; };
		C11545B225E74E1C00E8B591 /* Firework.swift */ = {isa = PBXFileReference; lastKnownFileType = sourcecode.swift; path = Firework.swift; sourceTree = "<group>"; };
		C11545B525E7578000E8B591 /* ClassicFirework.swift */ = {isa = PBXFileReference; lastKnownFileType = sourcecode.swift; path = ClassicFirework.swift; sourceTree = "<group>"; };
		C131A08425EF47A50060193A /* KronaOne-Regular.ttf */ = {isa = PBXFileReference; lastKnownFileType = file; path = "KronaOne-Regular.ttf"; sourceTree = "<group>"; };
		C18DD74925DEFDD600A29151 /* RedBorder.swift */ = {isa = PBXFileReference; lastKnownFileType = sourcecode.swift; path = RedBorder.swift; sourceTree = "<group>"; };
		C18DD74D25DF60BE00A29151 /* BlueBorder.swift */ = {isa = PBXFileReference; lastKnownFileType = sourcecode.swift; path = BlueBorder.swift; sourceTree = "<group>"; };
		C1CE2BB525E77B740012E731 /* ClassFireworkAnimator.swift */ = {isa = PBXFileReference; lastKnownFileType = sourcecode.swift; path = ClassFireworkAnimator.swift; sourceTree = "<group>"; };
		C1CE2BB825E7824A0012E731 /* ClassicFireworkController.swift */ = {isa = PBXFileReference; lastKnownFileType = sourcecode.swift; path = ClassicFireworkController.swift; sourceTree = "<group>"; };
		C1CE2BBB25E792BE0012E731 /* CGPoint+Extensions.swift */ = {isa = PBXFileReference; lastKnownFileType = sourcecode.swift; path = "CGPoint+Extensions.swift"; sourceTree = "<group>"; };
		C1D1CFE125DA0ED500A6EAAE /* Cell.swift */ = {isa = PBXFileReference; lastKnownFileType = sourcecode.swift; path = Cell.swift; sourceTree = "<group>"; };
		C1D1CFE625DB6CBE00A6EAAE /* Array+Identifiable.swift */ = {isa = PBXFileReference; fileEncoding = 4; lastKnownFileType = sourcecode.swift; path = "Array+Identifiable.swift"; sourceTree = "<group>"; };
		C6596A2E25DB0B0200A0F94B /* GameBoard.swift */ = {isa = PBXFileReference; lastKnownFileType = sourcecode.swift; path = GameBoard.swift; sourceTree = "<group>"; };
		C6596A3225DB11F000A0F94B /* Queue.swift */ = {isa = PBXFileReference; lastKnownFileType = sourcecode.swift; path = Queue.swift; sourceTree = "<group>"; };
		C6596A3725DB1BA500A0F94B /* TwoPlayersGame.swift */ = {isa = PBXFileReference; lastKnownFileType = sourcecode.swift; path = TwoPlayersGame.swift; sourceTree = "<group>"; };
		C6596A4625DB40B400A0F94B /* MonteCarlo.swift */ = {isa = PBXFileReference; lastKnownFileType = sourcecode.swift; path = MonteCarlo.swift; sourceTree = "<group>"; };
		C699737525D9F4DB00337F70 /* Hex.app */ = {isa = PBXFileReference; explicitFileType = wrapper.application; includeInIndex = 0; path = Hex.app; sourceTree = BUILT_PRODUCTS_DIR; };
		C699737825D9F4DB00337F70 /* HexApp.swift */ = {isa = PBXFileReference; lastKnownFileType = sourcecode.swift; path = HexApp.swift; sourceTree = "<group>"; };
		C699737A25D9F4DB00337F70 /* GameView.swift */ = {isa = PBXFileReference; lastKnownFileType = sourcecode.swift; path = GameView.swift; sourceTree = "<group>"; };
		C699737C25D9F4DC00337F70 /* Assets.xcassets */ = {isa = PBXFileReference; lastKnownFileType = folder.assetcatalog; path = Assets.xcassets; sourceTree = "<group>"; };
		C699737F25D9F4DC00337F70 /* Preview Assets.xcassets */ = {isa = PBXFileReference; lastKnownFileType = folder.assetcatalog; path = "Preview Assets.xcassets"; sourceTree = "<group>"; };
		C699738125D9F4DC00337F70 /* Info.plist */ = {isa = PBXFileReference; lastKnownFileType = text.plist.xml; path = Info.plist; sourceTree = "<group>"; };
		C699738925D9F51C00337F70 /* PolygonShape.swift */ = {isa = PBXFileReference; lastKnownFileType = sourcecode.swift; path = PolygonShape.swift; sourceTree = "<group>"; };
		C699738F25D9F96600337F70 /* HexGrid.swift */ = {isa = PBXFileReference; lastKnownFileType = sourcecode.swift; path = HexGrid.swift; sourceTree = "<group>"; };
		C699739325D9FF2800337F70 /* CellView.swift */ = {isa = PBXFileReference; lastKnownFileType = sourcecode.swift; path = CellView.swift; sourceTree = "<group>"; };
		C6B09AD325DE126000C96782 /* DumpAI.swift */ = {isa = PBXFileReference; lastKnownFileType = sourcecode.swift; path = DumpAI.swift; sourceTree = "<group>"; };
		C6B09AD725DE142D00C96782 /* SinglePlayerGame.swift */ = {isa = PBXFileReference; lastKnownFileType = sourcecode.swift; path = SinglePlayerGame.swift; sourceTree = "<group>"; };
		C6B09ADA25DEF36E00C96782 /* GameMode.swift */ = {isa = PBXFileReference; lastKnownFileType = sourcecode.swift; path = GameMode.swift; sourceTree = "<group>"; };
/* End PBXFileReference section */

/* Begin PBXFrameworksBuildPhase section */
		C699737225D9F4DB00337F70 /* Frameworks */ = {
			isa = PBXFrameworksBuildPhase;
			buildActionMask = 2147483647;
			files = (
			);
			runOnlyForDeploymentPostprocessing = 0;
		};
/* End PBXFrameworksBuildPhase section */

/* Begin PBXGroup section */
		C11F648825F023200094C266 /* Assets */ = {
			isa = PBXGroup;
			children = (
				C131A08425EF47A50060193A /* KronaOne-Regular.ttf */,
			);
			path = Assets;
			sourceTree = "<group>";
		};
		C6596A2D25DB0AA400A0F94B /* Game */ = {
			isa = PBXGroup;
			children = (
				C6B09AD625DE13C000C96782 /* Modes */,
				C1D1CFE125DA0ED500A6EAAE /* Cell.swift */,
				C6596A2E25DB0B0200A0F94B /* GameBoard.swift */,
			);
			path = Game;
			sourceTree = "<group>";
		};
		C6596A3125DB11D900A0F94B /* Extensions */ = {
			isa = PBXGroup;
			children = (
				C1D1CFE625DB6CBE00A6EAAE /* Array+Identifiable.swift */,
				C6596A3225DB11F000A0F94B /* Queue.swift */,
			);
			path = Extensions;
			sourceTree = "<group>";
		};
		C6596A4525DB400D00A0F94B /* AI */ = {
			isa = PBXGroup;
			children = (
				C6596A4625DB40B400A0F94B /* MonteCarlo.swift */,
				C6B09AD325DE126000C96782 /* DumpAI.swift */,
			);
			path = AI;
			sourceTree = "<group>";
		};
		C699736C25D9F4DB00337F70 = {
			isa = PBXGroup;
			children = (
				C699737725D9F4DB00337F70 /* Hex */,
				C699737625D9F4DB00337F70 /* Products */,
			);
			sourceTree = "<group>";
		};
		C699737625D9F4DB00337F70 /* Products */ = {
			isa = PBXGroup;
			children = (
				C699737525D9F4DB00337F70 /* Hex.app */,
			);
			name = Products;
			sourceTree = "<group>";
		};
		C699737725D9F4DB00337F70 /* Hex */ = {
			isa = PBXGroup;
			children = (
				C11F648825F023200094C266 /* Assets */,
				C6596A4525DB400D00A0F94B /* AI */,
				C699737C25D9F4DC00337F70 /* Assets.xcassets */,
				C6596A3125DB11D900A0F94B /* Extensions */,
				C6596A2D25DB0AA400A0F94B /* Game */,
				C699737825D9F4DB00337F70 /* HexApp.swift */,
				C699738125D9F4DC00337F70 /* Info.plist */,
				C699737E25D9F4DC00337F70 /* Preview Content */,
				C699738825D9F4EE00337F70 /* Shapes */,
				C699739225D9FEF300337F70 /* Views */,
			);
			path = Hex;
			sourceTree = "<group>";
		};
		C699737E25D9F4DC00337F70 /* Preview Content */ = {
			isa = PBXGroup;
			children = (
				C699737F25D9F4DC00337F70 /* Preview Assets.xcassets */,
			);
			path = "Preview Content";
			sourceTree = "<group>";
		};
		C699738825D9F4EE00337F70 /* Shapes */ = {
			isa = PBXGroup;
			children = (
				C699738925D9F51C00337F70 /* PolygonShape.swift */,
			);
			path = Shapes;
			sourceTree = "<group>";
		};
		C699739225D9FEF300337F70 /* Views */ = {
			isa = PBXGroup;
			children = (
				C10AA70025EA2C59006C7531 /* PopupView.swift */,
				C699737A25D9F4DB00337F70 /* GameView.swift */,
				C699738F25D9F96600337F70 /* HexGrid.swift */,
				C699739325D9FF2800337F70 /* CellView.swift */,
				C101D1E325DC5789000E86E0 /* WelcomeView.swift */,
				C18DD74925DEFDD600A29151 /* RedBorder.swift */,
				C18DD74D25DF60BE00A29151 /* BlueBorder.swift */,
				C11545AB25E7478100E8B591 /* SparkTractory.swift */,
				C1CE2BBB25E792BE0012E731 /* CGPoint+Extensions.swift */,
				C11545AF25E74CF300E8B591 /* SparkView.swift */,
				C11545B225E74E1C00E8B591 /* Firework.swift */,
				C11545B525E7578000E8B591 /* ClassicFirework.swift */,
				C1CE2BB525E77B740012E731 /* ClassFireworkAnimator.swift */,
				C1CE2BB825E7824A0012E731 /* ClassicFireworkController.swift */,
				C1102DA925E8A0180054C992 /* FireworkView.swift */,
			);
			path = Views;
			sourceTree = "<group>";
		};
		C6B09AD625DE13C000C96782 /* Modes */ = {
			isa = PBXGroup;
			children = (
				C6596A3725DB1BA500A0F94B /* TwoPlayersGame.swift */,
				C6B09AD725DE142D00C96782 /* SinglePlayerGame.swift */,
				C6B09ADA25DEF36E00C96782 /* GameMode.swift */,
			);
			path = Modes;
			sourceTree = "<group>";
		};
/* End PBXGroup section */

/* Begin PBXNativeTarget section */
		C699737425D9F4DB00337F70 /* Hex */ = {
			isa = PBXNativeTarget;
			buildConfigurationList = C699738425D9F4DC00337F70 /* Build configuration list for PBXNativeTarget "Hex" */;
			buildPhases = (
				C699737125D9F4DB00337F70 /* Sources */,
				C699737225D9F4DB00337F70 /* Frameworks */,
				C699737325D9F4DB00337F70 /* Resources */,
			);
			buildRules = (
			);
			dependencies = (
			);
			name = Hex;
			productName = Hex;
			productReference = C699737525D9F4DB00337F70 /* Hex.app */;
			productType = "com.apple.product-type.application";
		};
/* End PBXNativeTarget section */

/* Begin PBXProject section */
		C699736D25D9F4DB00337F70 /* Project object */ = {
			isa = PBXProject;
			attributes = {
				LastSwiftUpdateCheck = 1240;
				LastUpgradeCheck = 1240;
				TargetAttributes = {
					C699737425D9F4DB00337F70 = {
						CreatedOnToolsVersion = 12.4;
					};
				};
			};
			buildConfigurationList = C699737025D9F4DB00337F70 /* Build configuration list for PBXProject "Hex" */;
			compatibilityVersion = "Xcode 9.3";
			developmentRegion = en;
			hasScannedForEncodings = 0;
			knownRegions = (
				en,
				Base,
			);
			mainGroup = C699736C25D9F4DB00337F70;
			productRefGroup = C699737625D9F4DB00337F70 /* Products */;
			projectDirPath = "";
			projectRoot = "";
			targets = (
				C699737425D9F4DB00337F70 /* Hex */,
			);
		};
/* End PBXProject section */

/* Begin PBXResourcesBuildPhase section */
		C699737325D9F4DB00337F70 /* Resources */ = {
			isa = PBXResourcesBuildPhase;
			buildActionMask = 2147483647;
			files = (
				C699738025D9F4DC00337F70 /* Preview Assets.xcassets in Resources */,
				C131A08525EF47A50060193A /* KronaOne-Regular.ttf in Resources */,
				C699737D25D9F4DC00337F70 /* Assets.xcassets in Resources */,
			);
			runOnlyForDeploymentPostprocessing = 0;
		};
/* End PBXResourcesBuildPhase section */

/* Begin PBXSourcesBuildPhase section */
		C699737125D9F4DB00337F70 /* Sources */ = {
			isa = PBXSourcesBuildPhase;
			buildActionMask = 2147483647;
			files = (
				C699737B25D9F4DB00337F70 /* GameView.swift in Sources */,
				C699739425D9FF2800337F70 /* CellView.swift in Sources */,
				C699737925D9F4DB00337F70 /* HexApp.swift in Sources */,
				C6596A4725DB40B400A0F94B /* MonteCarlo.swift in Sources */,
				C1CE2BB625E77B740012E731 /* ClassFireworkAnimator.swift in Sources */,
				C6596A3325DB11F000A0F94B /* Queue.swift in Sources */,
				C6B09ADB25DEF36E00C96782 /* GameMode.swift in Sources */,
				C1CE2BB925E7824A0012E731 /* ClassicFireworkController.swift in Sources */,
				C11545B325E74E1C00E8B591 /* Firework.swift in Sources */,
				C6596A2F25DB0B0200A0F94B /* GameBoard.swift in Sources */,
				C1CE2BBC25E792BE0012E731 /* CGPoint+Extensions.swift in Sources */,
				C18DD74E25DF60BE00A29151 /* BlueBorder.swift in Sources */,
				C11545AC25E7478100E8B591 /* SparkTractory.swift in Sources */,
				C1D1CFE725DB6CBE00A6EAAE /* Array+Identifiable.swift in Sources */,
				C6B09AD425DE126000C96782 /* DumpAI.swift in Sources */,
				C101D1E425DC5789000E86E0 /* WelcomeView.swift in Sources */,
				C11545B625E7578000E8B591 /* ClassicFirework.swift in Sources */,
				C18DD74A25DEFDD600A29151 /* RedBorder.swift in Sources */,
				C699738A25D9F51C00337F70 /* PolygonShape.swift in Sources */,
				C6B09AD825DE142D00C96782 /* SinglePlayerGame.swift in Sources */,
				C11545B025E74CF300E8B591 /* SparkView.swift in Sources */,
				C6596A3825DB1BA500A0F94B /* TwoPlayersGame.swift in Sources */,
				C1102DAA25E8A0180054C992 /* FireworkView.swift in Sources */,
				C699739025D9F96600337F70 /* HexGrid.swift in Sources */,
				C1D1CFE225DA0ED500A6EAAE /* Cell.swift in Sources */,
				C10AA70125EA2C59006C7531 /* PopupView.swift in Sources */,
			);
			runOnlyForDeploymentPostprocessing = 0;
		};
/* End PBXSourcesBuildPhase section */

/* Begin XCBuildConfiguration section */
		C699738225D9F4DC00337F70 /* Debug */ = {
			isa = XCBuildConfiguration;
			buildSettings = {
				ALWAYS_SEARCH_USER_PATHS = NO;
				CLANG_ANALYZER_NONNULL = YES;
				CLANG_ANALYZER_NUMBER_OBJECT_CONVERSION = YES_AGGRESSIVE;
				CLANG_CXX_LANGUAGE_STANDARD = "gnu++14";
				CLANG_CXX_LIBRARY = "libc++";
				CLANG_ENABLE_MODULES = YES;
				CLANG_ENABLE_OBJC_ARC = YES;
				CLANG_ENABLE_OBJC_WEAK = YES;
				CLANG_WARN_BLOCK_CAPTURE_AUTORELEASING = YES;
				CLANG_WARN_BOOL_CONVERSION = YES;
				CLANG_WARN_COMMA = YES;
				CLANG_WARN_CONSTANT_CONVERSION = YES;
				CLANG_WARN_DEPRECATED_OBJC_IMPLEMENTATIONS = YES;
				CLANG_WARN_DIRECT_OBJC_ISA_USAGE = YES_ERROR;
				CLANG_WARN_DOCUMENTATION_COMMENTS = YES;
				CLANG_WARN_EMPTY_BODY = YES;
				CLANG_WARN_ENUM_CONVERSION = YES;
				CLANG_WARN_INFINITE_RECURSION = YES;
				CLANG_WARN_INT_CONVERSION = YES;
				CLANG_WARN_NON_LITERAL_NULL_CONVERSION = YES;
				CLANG_WARN_OBJC_IMPLICIT_RETAIN_SELF = YES;
				CLANG_WARN_OBJC_LITERAL_CONVERSION = YES;
				CLANG_WARN_OBJC_ROOT_CLASS = YES_ERROR;
				CLANG_WARN_QUOTED_INCLUDE_IN_FRAMEWORK_HEADER = YES;
				CLANG_WARN_RANGE_LOOP_ANALYSIS = YES;
				CLANG_WARN_STRICT_PROTOTYPES = YES;
				CLANG_WARN_SUSPICIOUS_MOVE = YES;
				CLANG_WARN_UNGUARDED_AVAILABILITY = YES_AGGRESSIVE;
				CLANG_WARN_UNREACHABLE_CODE = YES;
				CLANG_WARN__DUPLICATE_METHOD_MATCH = YES;
				COPY_PHASE_STRIP = NO;
				DEBUG_INFORMATION_FORMAT = dwarf;
				ENABLE_STRICT_OBJC_MSGSEND = YES;
				ENABLE_TESTABILITY = YES;
				GCC_C_LANGUAGE_STANDARD = gnu11;
				GCC_DYNAMIC_NO_PIC = NO;
				GCC_NO_COMMON_BLOCKS = YES;
				GCC_OPTIMIZATION_LEVEL = 0;
				GCC_PREPROCESSOR_DEFINITIONS = (
					"DEBUG=1",
					"$(inherited)",
				);
				GCC_WARN_64_TO_32_BIT_CONVERSION = YES;
				GCC_WARN_ABOUT_RETURN_TYPE = YES_ERROR;
				GCC_WARN_UNDECLARED_SELECTOR = YES;
				GCC_WARN_UNINITIALIZED_AUTOS = YES_AGGRESSIVE;
				GCC_WARN_UNUSED_FUNCTION = YES;
				GCC_WARN_UNUSED_VARIABLE = YES;
				IPHONEOS_DEPLOYMENT_TARGET = 14.4;
				MTL_ENABLE_DEBUG_INFO = INCLUDE_SOURCE;
				MTL_FAST_MATH = YES;
				ONLY_ACTIVE_ARCH = YES;
				SDKROOT = iphoneos;
				SWIFT_ACTIVE_COMPILATION_CONDITIONS = DEBUG;
				SWIFT_OPTIMIZATION_LEVEL = "-Onone";
			};
			name = Debug;
		};
		C699738325D9F4DC00337F70 /* Release */ = {
			isa = XCBuildConfiguration;
			buildSettings = {
				ALWAYS_SEARCH_USER_PATHS = NO;
				CLANG_ANALYZER_NONNULL = YES;
				CLANG_ANALYZER_NUMBER_OBJECT_CONVERSION = YES_AGGRESSIVE;
				CLANG_CXX_LANGUAGE_STANDARD = "gnu++14";
				CLANG_CXX_LIBRARY = "libc++";
				CLANG_ENABLE_MODULES = YES;
				CLANG_ENABLE_OBJC_ARC = YES;
				CLANG_ENABLE_OBJC_WEAK = YES;
				CLANG_WARN_BLOCK_CAPTURE_AUTORELEASING = YES;
				CLANG_WARN_BOOL_CONVERSION = YES;
				CLANG_WARN_COMMA = YES;
				CLANG_WARN_CONSTANT_CONVERSION = YES;
				CLANG_WARN_DEPRECATED_OBJC_IMPLEMENTATIONS = YES;
				CLANG_WARN_DIRECT_OBJC_ISA_USAGE = YES_ERROR;
				CLANG_WARN_DOCUMENTATION_COMMENTS = YES;
				CLANG_WARN_EMPTY_BODY = YES;
				CLANG_WARN_ENUM_CONVERSION = YES;
				CLANG_WARN_INFINITE_RECURSION = YES;
				CLANG_WARN_INT_CONVERSION = YES;
				CLANG_WARN_NON_LITERAL_NULL_CONVERSION = YES;
				CLANG_WARN_OBJC_IMPLICIT_RETAIN_SELF = YES;
				CLANG_WARN_OBJC_LITERAL_CONVERSION = YES;
				CLANG_WARN_OBJC_ROOT_CLASS = YES_ERROR;
				CLANG_WARN_QUOTED_INCLUDE_IN_FRAMEWORK_HEADER = YES;
				CLANG_WARN_RANGE_LOOP_ANALYSIS = YES;
				CLANG_WARN_STRICT_PROTOTYPES = YES;
				CLANG_WARN_SUSPICIOUS_MOVE = YES;
				CLANG_WARN_UNGUARDED_AVAILABILITY = YES_AGGRESSIVE;
				CLANG_WARN_UNREACHABLE_CODE = YES;
				CLANG_WARN__DUPLICATE_METHOD_MATCH = YES;
				COPY_PHASE_STRIP = NO;
				DEBUG_INFORMATION_FORMAT = "dwarf-with-dsym";
				ENABLE_NS_ASSERTIONS = NO;
				ENABLE_STRICT_OBJC_MSGSEND = YES;
				GCC_C_LANGUAGE_STANDARD = gnu11;
				GCC_NO_COMMON_BLOCKS = YES;
				GCC_WARN_64_TO_32_BIT_CONVERSION = YES;
				GCC_WARN_ABOUT_RETURN_TYPE = YES_ERROR;
				GCC_WARN_UNDECLARED_SELECTOR = YES;
				GCC_WARN_UNINITIALIZED_AUTOS = YES_AGGRESSIVE;
				GCC_WARN_UNUSED_FUNCTION = YES;
				GCC_WARN_UNUSED_VARIABLE = YES;
				IPHONEOS_DEPLOYMENT_TARGET = 14.4;
				MTL_ENABLE_DEBUG_INFO = NO;
				MTL_FAST_MATH = YES;
				SDKROOT = iphoneos;
				SWIFT_COMPILATION_MODE = wholemodule;
				SWIFT_OPTIMIZATION_LEVEL = "-O";
				VALIDATE_PRODUCT = YES;
			};
			name = Release;
		};
		C699738525D9F4DC00337F70 /* Debug */ = {
			isa = XCBuildConfiguration;
			buildSettings = {
				ASSETCATALOG_COMPILER_APPICON_NAME = AppIcon;
				ASSETCATALOG_COMPILER_GLOBAL_ACCENT_COLOR_NAME = AccentColor;
				CODE_SIGN_STYLE = Automatic;
				DEVELOPMENT_ASSET_PATHS = "\"Hex/Preview Content\"";
				DEVELOPMENT_TEAM = DFDCS22GK9;
				ENABLE_PREVIEWS = YES;
				INFOPLIST_FILE = Hex/Info.plist;
				IPHONEOS_DEPLOYMENT_TARGET = 14.0;
				LD_RUNPATH_SEARCH_PATHS = (
					"$(inherited)",
					"@executable_path/Frameworks",
				);
				PRODUCT_BUNDLE_IDENTIFIER = GD.apa;
				PRODUCT_NAME = "$(TARGET_NAME)";
				SWIFT_VERSION = 5.0;
				TARGETED_DEVICE_FAMILY = "1,2";
			};
			name = Debug;
		};
		C699738625D9F4DC00337F70 /* Release */ = {
			isa = XCBuildConfiguration;
			buildSettings = {
				ASSETCATALOG_COMPILER_APPICON_NAME = AppIcon;
				ASSETCATALOG_COMPILER_GLOBAL_ACCENT_COLOR_NAME = AccentColor;
				CODE_SIGN_STYLE = Automatic;
				DEVELOPMENT_ASSET_PATHS = "\"Hex/Preview Content\"";
				DEVELOPMENT_TEAM = DFDCS22GK9;
				ENABLE_PREVIEWS = YES;
				INFOPLIST_FILE = Hex/Info.plist;
				IPHONEOS_DEPLOYMENT_TARGET = 14.0;
				LD_RUNPATH_SEARCH_PATHS = (
					"$(inherited)",
					"@executable_path/Frameworks",
				);
				PRODUCT_BUNDLE_IDENTIFIER = GD.apa;
				PRODUCT_NAME = "$(TARGET_NAME)";
				SWIFT_VERSION = 5.0;
				TARGETED_DEVICE_FAMILY = "1,2";
			};
			name = Release;
		};
/* End XCBuildConfiguration section */

/* Begin XCConfigurationList section */
		C699737025D9F4DB00337F70 /* Build configuration list for PBXProject "Hex" */ = {
			isa = XCConfigurationList;
			buildConfigurations = (
				C699738225D9F4DC00337F70 /* Debug */,
				C699738325D9F4DC00337F70 /* Release */,
			);
			defaultConfigurationIsVisible = 0;
			defaultConfigurationName = Release;
		};
		C699738425D9F4DC00337F70 /* Build configuration list for PBXNativeTarget "Hex" */ = {
			isa = XCConfigurationList;
			buildConfigurations = (
				C699738525D9F4DC00337F70 /* Debug */,
				C699738625D9F4DC00337F70 /* Release */,
			);
			defaultConfigurationIsVisible = 0;
			defaultConfigurationName = Release;
		};
/* End XCConfigurationList section */
	};
	rootObject = C699736D25D9F4DB00337F70 /* Project object */;
}
