// !$*UTF8*$!
{
	archiveVersion = 1;
	classes = {
	};
	objectVersion = 51;
	objects = {

/* Begin PBXBuildFile section */
		2773D11BB7830888F30269DE /* Pods_Hex.framework in Frameworks */ = {isa = PBXBuildFile; fileRef = 836D1F4CEAD4DC96B19FAB2D /* Pods_Hex.framework */; };
		C1000AA226019F06009A1B80 /* Spinning.swift in Sources */ = {isa = PBXBuildFile; fileRef = C1000AA126019F06009A1B80 /* Spinning.swift */; };
		C101D1E425DC5789000E86E0 /* WelcomeView.swift in Sources */ = {isa = PBXBuildFile; fileRef = C101D1E325DC5789000E86E0 /* WelcomeView.swift */; };
		C10AA70125EA2C59006C7531 /* PopupView.swift in Sources */ = {isa = PBXBuildFile; fileRef = C10AA70025EA2C59006C7531 /* PopupView.swift */; };
		C1102C4226041FEB00C128B2 /* LoadingView.swift in Sources */ = {isa = PBXBuildFile; fileRef = C1102C4126041FEB00C128B2 /* LoadingView.swift */; };
		C1102DAA25E8A0180054C992 /* FireworkView.swift in Sources */ = {isa = PBXBuildFile; fileRef = C1102DA925E8A0180054C992 /* FireworkView.swift */; };
		C11545AC25E7478100E8B591 /* SparkTractory.swift in Sources */ = {isa = PBXBuildFile; fileRef = C11545AB25E7478100E8B591 /* SparkTractory.swift */; };
		C11545B025E74CF300E8B591 /* SparkView.swift in Sources */ = {isa = PBXBuildFile; fileRef = C11545AF25E74CF300E8B591 /* SparkView.swift */; };
		C11545B325E74E1C00E8B591 /* Firework.swift in Sources */ = {isa = PBXBuildFile; fileRef = C11545B225E74E1C00E8B591 /* Firework.swift */; };
		C11545B625E7578000E8B591 /* ClassicFirework.swift in Sources */ = {isa = PBXBuildFile; fileRef = C11545B525E7578000E8B591 /* ClassicFirework.swift */; };
		C131A08525EF47A50060193A /* KronaOne-Regular.ttf in Resources */ = {isa = PBXBuildFile; fileRef = C131A08425EF47A50060193A /* KronaOne-Regular.ttf */; };
		C136487026072F4000BDC73F /* ModalState.swift in Sources */ = {isa = PBXBuildFile; fileRef = C136486F26072F4000BDC73F /* ModalState.swift */; };
		C13648732607310700BDC73F /* ModalAnchorView.swift in Sources */ = {isa = PBXBuildFile; fileRef = C13648722607310700BDC73F /* ModalAnchorView.swift */; };
		C13648762607316800BDC73F /* ModalManager.swift in Sources */ = {isa = PBXBuildFile; fileRef = C13648752607316800BDC73F /* ModalManager.swift */; };
		C13648792607325300BDC73F /* ModalView.swift in Sources */ = {isa = PBXBuildFile; fileRef = C13648782607325300BDC73F /* ModalView.swift */; };
		C13B9ED4260283DE00843545 /* PressStart2P-Regular.ttf in Resources */ = {isa = PBXBuildFile; fileRef = C13B9ED3260283DE00843545 /* PressStart2P-Regular.ttf */; };
		C16DA15B25FC65620059C426 /* 88.png in Resources */ = {isa = PBXBuildFile; fileRef = C16DA13B25FC65620059C426 /* 88.png */; };
		C16DA15C25FC65620059C426 /* 1024.png in Resources */ = {isa = PBXBuildFile; fileRef = C16DA13C25FC65620059C426 /* 1024.png */; };
		C16DA15D25FC65620059C426 /* 76.png in Resources */ = {isa = PBXBuildFile; fileRef = C16DA13D25FC65620059C426 /* 76.png */; };
		C16DA15E25FC65620059C426 /* 60.png in Resources */ = {isa = PBXBuildFile; fileRef = C16DA13E25FC65620059C426 /* 60.png */; };
		C16DA15F25FC65620059C426 /* 48.png in Resources */ = {isa = PBXBuildFile; fileRef = C16DA13F25FC65620059C426 /* 48.png */; };
		C16DA16025FC65620059C426 /* 216.png in Resources */ = {isa = PBXBuildFile; fileRef = C16DA14025FC65620059C426 /* 216.png */; };
		C16DA16125FC65620059C426 /* 64.png in Resources */ = {isa = PBXBuildFile; fileRef = C16DA14125FC65620059C426 /* 64.png */; };
		C16DA16225FC65620059C426 /* 58.png in Resources */ = {isa = PBXBuildFile; fileRef = C16DA14225FC65620059C426 /* 58.png */; };
		C16DA16325FC65620059C426 /* 167.png in Resources */ = {isa = PBXBuildFile; fileRef = C16DA14325FC65620059C426 /* 167.png */; };
		C16DA16425FC65620059C426 /* 72.png in Resources */ = {isa = PBXBuildFile; fileRef = C16DA14425FC65620059C426 /* 72.png */; };
		C16DA16525FC65620059C426 /* 172.png in Resources */ = {isa = PBXBuildFile; fileRef = C16DA14525FC65620059C426 /* 172.png */; };
		C16DA16625FC65620059C426 /* 29.png in Resources */ = {isa = PBXBuildFile; fileRef = C16DA14625FC65620059C426 /* 29.png */; };
		C16DA16725FC65620059C426 /* 100.png in Resources */ = {isa = PBXBuildFile; fileRef = C16DA14725FC65620059C426 /* 100.png */; };
		C16DA16825FC65620059C426 /* 114.png in Resources */ = {isa = PBXBuildFile; fileRef = C16DA14825FC65620059C426 /* 114.png */; };
		C16DA16925FC65620059C426 /* 128.png in Resources */ = {isa = PBXBuildFile; fileRef = C16DA14925FC65620059C426 /* 128.png */; };
		C16DA16A25FC65620059C426 /* 512.png in Resources */ = {isa = PBXBuildFile; fileRef = C16DA14A25FC65620059C426 /* 512.png */; };
		C16DA16B25FC65620059C426 /* 16.png in Resources */ = {isa = PBXBuildFile; fileRef = C16DA14B25FC65620059C426 /* 16.png */; };
		C16DA16C25FC65620059C426 /* 120.png in Resources */ = {isa = PBXBuildFile; fileRef = C16DA14C25FC65620059C426 /* 120.png */; };
		C16DA16D25FC65620059C426 /* 256.png in Resources */ = {isa = PBXBuildFile; fileRef = C16DA14D25FC65620059C426 /* 256.png */; };
		C16DA16E25FC65620059C426 /* 20.png in Resources */ = {isa = PBXBuildFile; fileRef = C16DA14E25FC65620059C426 /* 20.png */; };
		C16DA16F25FC65620059C426 /* 32.png in Resources */ = {isa = PBXBuildFile; fileRef = C16DA14F25FC65620059C426 /* 32.png */; };
		C16DA17025FC65620059C426 /* Contents.json in Resources */ = {isa = PBXBuildFile; fileRef = C16DA15025FC65620059C426 /* Contents.json */; };
		C16DA17125FC65620059C426 /* 180.png in Resources */ = {isa = PBXBuildFile; fileRef = C16DA15125FC65620059C426 /* 180.png */; };
		C16DA17225FC65620059C426 /* 57.png in Resources */ = {isa = PBXBuildFile; fileRef = C16DA15225FC65620059C426 /* 57.png */; };
		C16DA17325FC65620059C426 /* 80.png in Resources */ = {isa = PBXBuildFile; fileRef = C16DA15325FC65620059C426 /* 80.png */; };
		C16DA17425FC65620059C426 /* 55.png in Resources */ = {isa = PBXBuildFile; fileRef = C16DA15425FC65620059C426 /* 55.png */; };
		C16DA17525FC65620059C426 /* 196.png in Resources */ = {isa = PBXBuildFile; fileRef = C16DA15525FC65620059C426 /* 196.png */; };
		C16DA17625FC65620059C426 /* 40.png in Resources */ = {isa = PBXBuildFile; fileRef = C16DA15625FC65620059C426 /* 40.png */; };
		C16DA17725FC65620059C426 /* 87.png in Resources */ = {isa = PBXBuildFile; fileRef = C16DA15725FC65620059C426 /* 87.png */; };
		C16DA17825FC65620059C426 /* 50.png in Resources */ = {isa = PBXBuildFile; fileRef = C16DA15825FC65620059C426 /* 50.png */; };
		C16DA17925FC65620059C426 /* 144.png in Resources */ = {isa = PBXBuildFile; fileRef = C16DA15925FC65620059C426 /* 144.png */; };
		C16DA17A25FC65620059C426 /* 152.png in Resources */ = {isa = PBXBuildFile; fileRef = C16DA15A25FC65620059C426 /* 152.png */; };
		C16DA17E25FC6A5C0059C426 /* DotGothic16-Regular.ttf in Resources */ = {isa = PBXBuildFile; fileRef = C16DA17D25FC6A5C0059C426 /* DotGothic16-Regular.ttf */; };
		C16DA18725FCAD220059C426 /* musicBox.mp3 in Resources */ = {isa = PBXBuildFile; fileRef = C16DA18525FCAD220059C426 /* musicBox.mp3 */; };
		C16DA18825FCAD220059C426 /* move.mp3 in Resources */ = {isa = PBXBuildFile; fileRef = C16DA18625FCAD220059C426 /* move.mp3 */; };
		C1781A88260014AD003A1168 /* lose.mp3 in Resources */ = {isa = PBXBuildFile; fileRef = C1781A85260014AD003A1168 /* lose.mp3 */; };
		C1781A8A260014AD003A1168 /* move.wav in Resources */ = {isa = PBXBuildFile; fileRef = C1781A87260014AD003A1168 /* move.wav */; };
		C1781A8E2600154C003A1168 /* win.mp3 in Resources */ = {isa = PBXBuildFile; fileRef = C1781A8D2600154C003A1168 /* win.mp3 */; };
		C18DD74A25DEFDD600A29151 /* RedBorder.swift in Sources */ = {isa = PBXBuildFile; fileRef = C18DD74925DEFDD600A29151 /* RedBorder.swift */; };
		C18DD74E25DF60BE00A29151 /* BlueBorder.swift in Sources */ = {isa = PBXBuildFile; fileRef = C18DD74D25DF60BE00A29151 /* BlueBorder.swift */; };
		C1971809263774BE00411E88 /* FriendsButton.swift in Sources */ = {isa = PBXBuildFile; fileRef = C1971808263774BE00411E88 /* FriendsButton.swift */; };
		C1AFFB6E260ADE9B0030AD7A /* error.wav in Resources */ = {isa = PBXBuildFile; fileRef = C1AFFB6D260ADE9B0030AD7A /* error.wav */; };
		C1BE71A5260FC8D90049751E /* NetworkConnection.swift in Sources */ = {isa = PBXBuildFile; fileRef = C1BE71A4260FC8D90049751E /* NetworkConnection.swift */; };
		C1CE2BB625E77B740012E731 /* ClassFireworkAnimator.swift in Sources */ = {isa = PBXBuildFile; fileRef = C1CE2BB525E77B740012E731 /* ClassFireworkAnimator.swift */; };
		C1CE2BB925E7824A0012E731 /* ClassicFireworkController.swift in Sources */ = {isa = PBXBuildFile; fileRef = C1CE2BB825E7824A0012E731 /* ClassicFireworkController.swift */; };
		C1CE2BBC25E792BE0012E731 /* CGPoint+Extensions.swift in Sources */ = {isa = PBXBuildFile; fileRef = C1CE2BBB25E792BE0012E731 /* CGPoint+Extensions.swift */; };
		C1D1CFE225DA0ED500A6EAAE /* Cell.swift in Sources */ = {isa = PBXBuildFile; fileRef = C1D1CFE125DA0ED500A6EAAE /* Cell.swift */; };
		C1D1CFE725DB6CBE00A6EAAE /* Array+Identifiable.swift in Sources */ = {isa = PBXBuildFile; fileRef = C1D1CFE625DB6CBE00A6EAAE /* Array+Identifiable.swift */; };
		C1FA00112605280A0077C7E3 /* LaunchScreen.storyboard in Resources */ = {isa = PBXBuildFile; fileRef = C1FA00102605280A0077C7E3 /* LaunchScreen.storyboard */; };
		C600184825E895BE00DB9CDC /* Minimax.swift in Sources */ = {isa = PBXBuildFile; fileRef = C600184725E895BE00DB9CDC /* Minimax.swift */; };
		C600184E25E8AE1E00DB9CDC /* Int+Extension.swift in Sources */ = {isa = PBXBuildFile; fileRef = C600184D25E8AE1E00DB9CDC /* Int+Extension.swift */; };
		C6029D3826014A04005FBD3B /* FBButton.swift in Sources */ = {isa = PBXBuildFile; fileRef = C6029D3726014A04005FBD3B /* FBButton.swift */; };
		C6227AD525F2B085008E301E /* Deque.swift in Sources */ = {isa = PBXBuildFile; fileRef = C6227AD425F2B085008E301E /* Deque.swift */; };
		C627D3D026051DC400EA0DD5 /* CountdownTimer.swift in Sources */ = {isa = PBXBuildFile; fileRef = C627D3CF26051DC400EA0DD5 /* CountdownTimer.swift */; };
		C63E4842261E39E800DC2EFF /* GoogleService-Info.plist in Resources */ = {isa = PBXBuildFile; fileRef = C63E4841261E39E800DC2EFF /* GoogleService-Info.plist */; };
		C644BB1525FEA25A008A7B64 /* OnlineGame.swift in Sources */ = {isa = PBXBuildFile; fileRef = C644BB1425FEA25A008A7B64 /* OnlineGame.swift */; };
		C64CC855260130D40044B780 /* OnlineGameView.swift in Sources */ = {isa = PBXBuildFile; fileRef = C64CC854260130D40044B780 /* OnlineGameView.swift */; };
		C64D0D1D26028DA5001E6706 /* UIImage+Extension.swift in Sources */ = {isa = PBXBuildFile; fileRef = C64D0D1C26028DA5001E6706 /* UIImage+Extension.swift */; };
		C6596A2F25DB0B0200A0F94B /* GameBoard.swift in Sources */ = {isa = PBXBuildFile; fileRef = C6596A2E25DB0B0200A0F94B /* GameBoard.swift */; };
		C6596A3325DB11F000A0F94B /* Queue.swift in Sources */ = {isa = PBXBuildFile; fileRef = C6596A3225DB11F000A0F94B /* Queue.swift */; };
		C6596A3825DB1BA500A0F94B /* TwoPlayersGame.swift in Sources */ = {isa = PBXBuildFile; fileRef = C6596A3725DB1BA500A0F94B /* TwoPlayersGame.swift */; };
		C6596A4725DB40B400A0F94B /* MonteCarlo.swift in Sources */ = {isa = PBXBuildFile; fileRef = C6596A4625DB40B400A0F94B /* MonteCarlo.swift */; };
		C663D3AD2618158D002A711D /* FriendList.swift in Sources */ = {isa = PBXBuildFile; fileRef = C663D3AC2618158D002A711D /* FriendList.swift */; };
		C696A51B2605319F0073D313 /* MainView.swift in Sources */ = {isa = PBXBuildFile; fileRef = C696A51A2605319F0073D313 /* MainView.swift */; };
		C696A51E260531EC0073D313 /* ViewRouter.swift in Sources */ = {isa = PBXBuildFile; fileRef = C696A51D260531EC0073D313 /* ViewRouter.swift */; };
		C699737925D9F4DB00337F70 /* HexApp.swift in Sources */ = {isa = PBXBuildFile; fileRef = C699737825D9F4DB00337F70 /* HexApp.swift */; };
		C699737B25D9F4DB00337F70 /* GameView.swift in Sources */ = {isa = PBXBuildFile; fileRef = C699737A25D9F4DB00337F70 /* GameView.swift */; };
		C699737D25D9F4DC00337F70 /* Assets.xcassets in Resources */ = {isa = PBXBuildFile; fileRef = C699737C25D9F4DC00337F70 /* Assets.xcassets */; };
		C699738025D9F4DC00337F70 /* Preview Assets.xcassets in Resources */ = {isa = PBXBuildFile; fileRef = C699737F25D9F4DC00337F70 /* Preview Assets.xcassets */; };
		C699738A25D9F51C00337F70 /* PolygonShape.swift in Sources */ = {isa = PBXBuildFile; fileRef = C699738925D9F51C00337F70 /* PolygonShape.swift */; };
		C699739025D9F96600337F70 /* HexGrid.swift in Sources */ = {isa = PBXBuildFile; fileRef = C699738F25D9F96600337F70 /* HexGrid.swift */; };
		C699739425D9FF2800337F70 /* CellView.swift in Sources */ = {isa = PBXBuildFile; fileRef = C699739325D9FF2800337F70 /* CellView.swift */; };
		C69FD61F25F94F4B0077394D /* HowToPlayView.swift in Sources */ = {isa = PBXBuildFile; fileRef = C69FD61E25F94F4B0077394D /* HowToPlayView.swift */; };
		C69FD62325F957570077394D /* KeyboardTap.mp3 in Resources */ = {isa = PBXBuildFile; fileRef = C69FD62225F957570077394D /* KeyboardTap.mp3 */; };
		C69FD62625F9578F0077394D /* PlaySound.swift in Sources */ = {isa = PBXBuildFile; fileRef = C69FD62525F9578F0077394D /* PlaySound.swift */; };
		C69FD62925F95D040077394D /* WaterDrop.mp3 in Resources */ = {isa = PBXBuildFile; fileRef = C69FD62825F95D040077394D /* WaterDrop.mp3 */; };
		C69FD62C25F95F950077394D /* MouseClick.mp3 in Resources */ = {isa = PBXBuildFile; fileRef = C69FD62B25F95F950077394D /* MouseClick.mp3 */; };
		C6B09AD425DE126000C96782 /* DumpAI.swift in Sources */ = {isa = PBXBuildFile; fileRef = C6B09AD325DE126000C96782 /* DumpAI.swift */; };
		C6B09AD825DE142D00C96782 /* SinglePlayerGame.swift in Sources */ = {isa = PBXBuildFile; fileRef = C6B09AD725DE142D00C96782 /* SinglePlayerGame.swift */; };
		C6B09ADB25DEF36E00C96782 /* GameMode.swift in Sources */ = {isa = PBXBuildFile; fileRef = C6B09ADA25DEF36E00C96782 /* GameMode.swift */; };
		C6DB98CB260E7CE800ED794D /* InviteButton.swift in Sources */ = {isa = PBXBuildFile; fileRef = C6DB98CA260E7CE800ED794D /* InviteButton.swift */; };
/* End PBXBuildFile section */

/* Begin PBXFileReference section */
		03E403127CF1FCB38AD78C08 /* Pods-Hex.debug.xcconfig */ = {isa = PBXFileReference; includeInIndex = 1; lastKnownFileType = text.xcconfig; name = "Pods-Hex.debug.xcconfig"; path = "Target Support Files/Pods-Hex/Pods-Hex.debug.xcconfig"; sourceTree = "<group>"; };
		836D1F4CEAD4DC96B19FAB2D /* Pods_Hex.framework */ = {isa = PBXFileReference; explicitFileType = wrapper.framework; includeInIndex = 0; path = Pods_Hex.framework; sourceTree = BUILT_PRODUCTS_DIR; };
		C1000AA126019F06009A1B80 /* Spinning.swift */ = {isa = PBXFileReference; fileEncoding = 4; lastKnownFileType = sourcecode.swift; path = Spinning.swift; sourceTree = "<group>"; };
		C101D1E325DC5789000E86E0 /* WelcomeView.swift */ = {isa = PBXFileReference; lastKnownFileType = sourcecode.swift; path = WelcomeView.swift; sourceTree = "<group>"; };
		C10AA70025EA2C59006C7531 /* PopupView.swift */ = {isa = PBXFileReference; fileEncoding = 4; lastKnownFileType = sourcecode.swift; path = PopupView.swift; sourceTree = "<group>"; };
		C1102C4126041FEB00C128B2 /* LoadingView.swift */ = {isa = PBXFileReference; fileEncoding = 4; lastKnownFileType = sourcecode.swift; path = LoadingView.swift; sourceTree = "<group>"; };
		C1102DA925E8A0180054C992 /* FireworkView.swift */ = {isa = PBXFileReference; lastKnownFileType = sourcecode.swift; path = FireworkView.swift; sourceTree = "<group>"; };
		C11545AB25E7478100E8B591 /* SparkTractory.swift */ = {isa = PBXFileReference; lastKnownFileType = sourcecode.swift; path = SparkTractory.swift; sourceTree = "<group>"; };
		C11545AF25E74CF300E8B591 /* SparkView.swift */ = {isa = PBXFileReference; lastKnownFileType = sourcecode.swift; path = SparkView.swift; sourceTree = "<group>"; };
		C11545B225E74E1C00E8B591 /* Firework.swift */ = {isa = PBXFileReference; lastKnownFileType = sourcecode.swift; path = Firework.swift; sourceTree = "<group>"; };
		C11545B525E7578000E8B591 /* ClassicFirework.swift */ = {isa = PBXFileReference; lastKnownFileType = sourcecode.swift; path = ClassicFirework.swift; sourceTree = "<group>"; };
		C131A08425EF47A50060193A /* KronaOne-Regular.ttf */ = {isa = PBXFileReference; lastKnownFileType = file; path = "KronaOne-Regular.ttf"; sourceTree = "<group>"; };
		C136486F26072F4000BDC73F /* ModalState.swift */ = {isa = PBXFileReference; lastKnownFileType = sourcecode.swift; path = ModalState.swift; sourceTree = "<group>"; };
		C13648722607310700BDC73F /* ModalAnchorView.swift */ = {isa = PBXFileReference; lastKnownFileType = sourcecode.swift; path = ModalAnchorView.swift; sourceTree = "<group>"; };
		C13648752607316800BDC73F /* ModalManager.swift */ = {isa = PBXFileReference; lastKnownFileType = sourcecode.swift; path = ModalManager.swift; sourceTree = "<group>"; };
		C13648782607325300BDC73F /* ModalView.swift */ = {isa = PBXFileReference; lastKnownFileType = sourcecode.swift; path = ModalView.swift; sourceTree = "<group>"; };
		C13B9ED3260283DE00843545 /* PressStart2P-Regular.ttf */ = {isa = PBXFileReference; lastKnownFileType = file; path = "PressStart2P-Regular.ttf"; sourceTree = "<group>"; };
		C16DA13B25FC65620059C426 /* 88.png */ = {isa = PBXFileReference; lastKnownFileType = image.png; path = 88.png; sourceTree = "<group>"; };
		C16DA13C25FC65620059C426 /* 1024.png */ = {isa = PBXFileReference; lastKnownFileType = image.png; path = 1024.png; sourceTree = "<group>"; };
		C16DA13D25FC65620059C426 /* 76.png */ = {isa = PBXFileReference; lastKnownFileType = image.png; path = 76.png; sourceTree = "<group>"; };
		C16DA13E25FC65620059C426 /* 60.png */ = {isa = PBXFileReference; lastKnownFileType = image.png; path = 60.png; sourceTree = "<group>"; };
		C16DA13F25FC65620059C426 /* 48.png */ = {isa = PBXFileReference; lastKnownFileType = image.png; path = 48.png; sourceTree = "<group>"; };
		C16DA14025FC65620059C426 /* 216.png */ = {isa = PBXFileReference; lastKnownFileType = image.png; path = 216.png; sourceTree = "<group>"; };
		C16DA14125FC65620059C426 /* 64.png */ = {isa = PBXFileReference; lastKnownFileType = image.png; path = 64.png; sourceTree = "<group>"; };
		C16DA14225FC65620059C426 /* 58.png */ = {isa = PBXFileReference; lastKnownFileType = image.png; path = 58.png; sourceTree = "<group>"; };
		C16DA14325FC65620059C426 /* 167.png */ = {isa = PBXFileReference; lastKnownFileType = image.png; path = 167.png; sourceTree = "<group>"; };
		C16DA14425FC65620059C426 /* 72.png */ = {isa = PBXFileReference; lastKnownFileType = image.png; path = 72.png; sourceTree = "<group>"; };
		C16DA14525FC65620059C426 /* 172.png */ = {isa = PBXFileReference; lastKnownFileType = image.png; path = 172.png; sourceTree = "<group>"; };
		C16DA14625FC65620059C426 /* 29.png */ = {isa = PBXFileReference; lastKnownFileType = image.png; path = 29.png; sourceTree = "<group>"; };
		C16DA14725FC65620059C426 /* 100.png */ = {isa = PBXFileReference; lastKnownFileType = image.png; path = 100.png; sourceTree = "<group>"; };
		C16DA14825FC65620059C426 /* 114.png */ = {isa = PBXFileReference; lastKnownFileType = image.png; path = 114.png; sourceTree = "<group>"; };
		C16DA14925FC65620059C426 /* 128.png */ = {isa = PBXFileReference; lastKnownFileType = image.png; path = 128.png; sourceTree = "<group>"; };
		C16DA14A25FC65620059C426 /* 512.png */ = {isa = PBXFileReference; lastKnownFileType = image.png; path = 512.png; sourceTree = "<group>"; };
		C16DA14B25FC65620059C426 /* 16.png */ = {isa = PBXFileReference; lastKnownFileType = image.png; path = 16.png; sourceTree = "<group>"; };
		C16DA14C25FC65620059C426 /* 120.png */ = {isa = PBXFileReference; lastKnownFileType = image.png; path = 120.png; sourceTree = "<group>"; };
		C16DA14D25FC65620059C426 /* 256.png */ = {isa = PBXFileReference; lastKnownFileType = image.png; path = 256.png; sourceTree = "<group>"; };
		C16DA14E25FC65620059C426 /* 20.png */ = {isa = PBXFileReference; lastKnownFileType = image.png; path = 20.png; sourceTree = "<group>"; };
		C16DA14F25FC65620059C426 /* 32.png */ = {isa = PBXFileReference; lastKnownFileType = image.png; path = 32.png; sourceTree = "<group>"; };
		C16DA15025FC65620059C426 /* Contents.json */ = {isa = PBXFileReference; fileEncoding = 4; lastKnownFileType = text.json; path = Contents.json; sourceTree = "<group>"; };
		C16DA15125FC65620059C426 /* 180.png */ = {isa = PBXFileReference; lastKnownFileType = image.png; path = 180.png; sourceTree = "<group>"; };
		C16DA15225FC65620059C426 /* 57.png */ = {isa = PBXFileReference; lastKnownFileType = image.png; path = 57.png; sourceTree = "<group>"; };
		C16DA15325FC65620059C426 /* 80.png */ = {isa = PBXFileReference; lastKnownFileType = image.png; path = 80.png; sourceTree = "<group>"; };
		C16DA15425FC65620059C426 /* 55.png */ = {isa = PBXFileReference; lastKnownFileType = image.png; path = 55.png; sourceTree = "<group>"; };
		C16DA15525FC65620059C426 /* 196.png */ = {isa = PBXFileReference; lastKnownFileType = image.png; path = 196.png; sourceTree = "<group>"; };
		C16DA15625FC65620059C426 /* 40.png */ = {isa = PBXFileReference; lastKnownFileType = image.png; path = 40.png; sourceTree = "<group>"; };
		C16DA15725FC65620059C426 /* 87.png */ = {isa = PBXFileReference; lastKnownFileType = image.png; path = 87.png; sourceTree = "<group>"; };
		C16DA15825FC65620059C426 /* 50.png */ = {isa = PBXFileReference; lastKnownFileType = image.png; path = 50.png; sourceTree = "<group>"; };
		C16DA15925FC65620059C426 /* 144.png */ = {isa = PBXFileReference; lastKnownFileType = image.png; path = 144.png; sourceTree = "<group>"; };
		C16DA15A25FC65620059C426 /* 152.png */ = {isa = PBXFileReference; lastKnownFileType = image.png; path = 152.png; sourceTree = "<group>"; };
		C16DA17D25FC6A5C0059C426 /* DotGothic16-Regular.ttf */ = {isa = PBXFileReference; lastKnownFileType = file; path = "DotGothic16-Regular.ttf"; sourceTree = "<group>"; };
		C16DA18525FCAD220059C426 /* musicBox.mp3 */ = {isa = PBXFileReference; lastKnownFileType = audio.mp3; path = musicBox.mp3; sourceTree = "<group>"; };
		C16DA18625FCAD220059C426 /* move.mp3 */ = {isa = PBXFileReference; lastKnownFileType = audio.mp3; path = move.mp3; sourceTree = "<group>"; };
		C1781A85260014AD003A1168 /* lose.mp3 */ = {isa = PBXFileReference; lastKnownFileType = audio.mp3; path = lose.mp3; sourceTree = "<group>"; };
		C1781A87260014AD003A1168 /* move.wav */ = {isa = PBXFileReference; lastKnownFileType = audio.wav; path = move.wav; sourceTree = "<group>"; };
		C1781A8D2600154C003A1168 /* win.mp3 */ = {isa = PBXFileReference; lastKnownFileType = audio.mp3; path = win.mp3; sourceTree = "<group>"; };
		C18DD74925DEFDD600A29151 /* RedBorder.swift */ = {isa = PBXFileReference; lastKnownFileType = sourcecode.swift; path = RedBorder.swift; sourceTree = "<group>"; };
		C18DD74D25DF60BE00A29151 /* BlueBorder.swift */ = {isa = PBXFileReference; lastKnownFileType = sourcecode.swift; path = BlueBorder.swift; sourceTree = "<group>"; };
		C1971808263774BE00411E88 /* FriendsButton.swift */ = {isa = PBXFileReference; lastKnownFileType = sourcecode.swift; path = FriendsButton.swift; sourceTree = "<group>"; };
		C1AFFB6D260ADE9B0030AD7A /* error.wav */ = {isa = PBXFileReference; lastKnownFileType = audio.wav; path = error.wav; sourceTree = "<group>"; };
		C1BE71A4260FC8D90049751E /* NetworkConnection.swift */ = {isa = PBXFileReference; lastKnownFileType = sourcecode.swift; path = NetworkConnection.swift; sourceTree = "<group>"; };
		C1CE2BB525E77B740012E731 /* ClassFireworkAnimator.swift */ = {isa = PBXFileReference; lastKnownFileType = sourcecode.swift; path = ClassFireworkAnimator.swift; sourceTree = "<group>"; };
		C1CE2BB825E7824A0012E731 /* ClassicFireworkController.swift */ = {isa = PBXFileReference; lastKnownFileType = sourcecode.swift; path = ClassicFireworkController.swift; sourceTree = "<group>"; };
		C1CE2BBB25E792BE0012E731 /* CGPoint+Extensions.swift */ = {isa = PBXFileReference; lastKnownFileType = sourcecode.swift; path = "CGPoint+Extensions.swift"; sourceTree = "<group>"; };
		C1D1CFE125DA0ED500A6EAAE /* Cell.swift */ = {isa = PBXFileReference; lastKnownFileType = sourcecode.swift; path = Cell.swift; sourceTree = "<group>"; };
		C1D1CFE625DB6CBE00A6EAAE /* Array+Identifiable.swift */ = {isa = PBXFileReference; fileEncoding = 4; lastKnownFileType = sourcecode.swift; path = "Array+Identifiable.swift"; sourceTree = "<group>"; };
		C1FA00102605280A0077C7E3 /* LaunchScreen.storyboard */ = {isa = PBXFileReference; lastKnownFileType = file.storyboard; path = LaunchScreen.storyboard; sourceTree = "<group>"; };
		C600184725E895BE00DB9CDC /* Minimax.swift */ = {isa = PBXFileReference; lastKnownFileType = sourcecode.swift; path = Minimax.swift; sourceTree = "<group>"; };
		C600184D25E8AE1E00DB9CDC /* Int+Extension.swift */ = {isa = PBXFileReference; lastKnownFileType = sourcecode.swift; path = "Int+Extension.swift"; sourceTree = "<group>"; };
		C6029D3726014A04005FBD3B /* FBButton.swift */ = {isa = PBXFileReference; lastKnownFileType = sourcecode.swift; path = FBButton.swift; sourceTree = "<group>"; };
		C6227AD425F2B085008E301E /* Deque.swift */ = {isa = PBXFileReference; lastKnownFileType = sourcecode.swift; path = Deque.swift; sourceTree = "<group>"; };
		C627D3CF26051DC400EA0DD5 /* CountdownTimer.swift */ = {isa = PBXFileReference; fileEncoding = 4; lastKnownFileType = sourcecode.swift; path = CountdownTimer.swift; sourceTree = "<group>"; };
		C63E4841261E39E800DC2EFF /* GoogleService-Info.plist */ = {isa = PBXFileReference; fileEncoding = 4; lastKnownFileType = text.plist.xml; path = "GoogleService-Info.plist"; sourceTree = "<group>"; };
		C644BB1425FEA25A008A7B64 /* OnlineGame.swift */ = {isa = PBXFileReference; lastKnownFileType = sourcecode.swift; path = OnlineGame.swift; sourceTree = "<group>"; };
		C64CC854260130D40044B780 /* OnlineGameView.swift */ = {isa = PBXFileReference; lastKnownFileType = sourcecode.swift; path = OnlineGameView.swift; sourceTree = "<group>"; };
		C64D0D1C26028DA5001E6706 /* UIImage+Extension.swift */ = {isa = PBXFileReference; lastKnownFileType = sourcecode.swift; path = "UIImage+Extension.swift"; sourceTree = "<group>"; };
		C6596A2E25DB0B0200A0F94B /* GameBoard.swift */ = {isa = PBXFileReference; lastKnownFileType = sourcecode.swift; path = GameBoard.swift; sourceTree = "<group>"; };
		C6596A3225DB11F000A0F94B /* Queue.swift */ = {isa = PBXFileReference; lastKnownFileType = sourcecode.swift; path = Queue.swift; sourceTree = "<group>"; };
		C6596A3725DB1BA500A0F94B /* TwoPlayersGame.swift */ = {isa = PBXFileReference; lastKnownFileType = sourcecode.swift; path = TwoPlayersGame.swift; sourceTree = "<group>"; };
		C6596A4625DB40B400A0F94B /* MonteCarlo.swift */ = {isa = PBXFileReference; lastKnownFileType = sourcecode.swift; path = MonteCarlo.swift; sourceTree = "<group>"; };
		C663D3AC2618158D002A711D /* FriendList.swift */ = {isa = PBXFileReference; lastKnownFileType = sourcecode.swift; path = FriendList.swift; sourceTree = "<group>"; };
		C696A51A2605319F0073D313 /* MainView.swift */ = {isa = PBXFileReference; lastKnownFileType = sourcecode.swift; path = MainView.swift; sourceTree = "<group>"; };
		C696A51D260531EC0073D313 /* ViewRouter.swift */ = {isa = PBXFileReference; lastKnownFileType = sourcecode.swift; path = ViewRouter.swift; sourceTree = "<group>"; };
		C699737525D9F4DB00337F70 /* Hex.app */ = {isa = PBXFileReference; explicitFileType = wrapper.application; includeInIndex = 0; path = Hex.app; sourceTree = BUILT_PRODUCTS_DIR; };
		C699737825D9F4DB00337F70 /* HexApp.swift */ = {isa = PBXFileReference; lastKnownFileType = sourcecode.swift; path = HexApp.swift; sourceTree = "<group>"; };
		C699737A25D9F4DB00337F70 /* GameView.swift */ = {isa = PBXFileReference; lastKnownFileType = sourcecode.swift; path = GameView.swift; sourceTree = "<group>"; };
		C699737C25D9F4DC00337F70 /* Assets.xcassets */ = {isa = PBXFileReference; lastKnownFileType = folder.assetcatalog; path = Assets.xcassets; sourceTree = "<group>"; };
		C699737F25D9F4DC00337F70 /* Preview Assets.xcassets */ = {isa = PBXFileReference; lastKnownFileType = folder.assetcatalog; path = "Preview Assets.xcassets"; sourceTree = "<group>"; };
		C699738125D9F4DC00337F70 /* Info.plist */ = {isa = PBXFileReference; lastKnownFileType = text.plist.xml; name = Info.plist; path = Hex/Info.plist; sourceTree = SOURCE_ROOT; };
		C699738925D9F51C00337F70 /* PolygonShape.swift */ = {isa = PBXFileReference; lastKnownFileType = sourcecode.swift; path = PolygonShape.swift; sourceTree = "<group>"; };
		C699738F25D9F96600337F70 /* HexGrid.swift */ = {isa = PBXFileReference; lastKnownFileType = sourcecode.swift; path = HexGrid.swift; sourceTree = "<group>"; };
		C699739325D9FF2800337F70 /* CellView.swift */ = {isa = PBXFileReference; lastKnownFileType = sourcecode.swift; path = CellView.swift; sourceTree = "<group>"; };
		C69FD61E25F94F4B0077394D /* HowToPlayView.swift */ = {isa = PBXFileReference; lastKnownFileType = sourcecode.swift; path = HowToPlayView.swift; sourceTree = "<group>"; };
		C69FD62225F957570077394D /* KeyboardTap.mp3 */ = {isa = PBXFileReference; lastKnownFileType = audio.mp3; path = KeyboardTap.mp3; sourceTree = "<group>"; };
		C69FD62525F9578F0077394D /* PlaySound.swift */ = {isa = PBXFileReference; lastKnownFileType = sourcecode.swift; path = PlaySound.swift; sourceTree = "<group>"; };
		C69FD62825F95D040077394D /* WaterDrop.mp3 */ = {isa = PBXFileReference; lastKnownFileType = audio.mp3; path = WaterDrop.mp3; sourceTree = "<group>"; };
		C69FD62B25F95F950077394D /* MouseClick.mp3 */ = {isa = PBXFileReference; lastKnownFileType = audio.mp3; path = MouseClick.mp3; sourceTree = "<group>"; };
		C6B09AD325DE126000C96782 /* DumpAI.swift */ = {isa = PBXFileReference; lastKnownFileType = sourcecode.swift; path = DumpAI.swift; sourceTree = "<group>"; };
		C6B09AD725DE142D00C96782 /* SinglePlayerGame.swift */ = {isa = PBXFileReference; lastKnownFileType = sourcecode.swift; path = SinglePlayerGame.swift; sourceTree = "<group>"; };
		C6B09ADA25DEF36E00C96782 /* GameMode.swift */ = {isa = PBXFileReference; lastKnownFileType = sourcecode.swift; path = GameMode.swift; sourceTree = "<group>"; };
		C6DB98B5260D7BEF00ED794D /* Hex.entitlements */ = {isa = PBXFileReference; lastKnownFileType = text.plist.entitlements; path = Hex.entitlements; sourceTree = "<group>"; };
		C6DB98CA260E7CE800ED794D /* InviteButton.swift */ = {isa = PBXFileReference; lastKnownFileType = sourcecode.swift; path = InviteButton.swift; sourceTree = "<group>"; };
		FF1A0D053A50613DD2D628E2 /* Pods-Hex.release.xcconfig */ = {isa = PBXFileReference; includeInIndex = 1; lastKnownFileType = text.xcconfig; name = "Pods-Hex.release.xcconfig"; path = "Target Support Files/Pods-Hex/Pods-Hex.release.xcconfig"; sourceTree = "<group>"; };
/* End PBXFileReference section */

/* Begin PBXFrameworksBuildPhase section */
		C699737225D9F4DB00337F70 /* Frameworks */ = {
			isa = PBXFrameworksBuildPhase;
			buildActionMask = 2147483647;
			files = (
				2773D11BB7830888F30269DE /* Pods_Hex.framework in Frameworks */,
			);
			runOnlyForDeploymentPostprocessing = 0;
		};
/* End PBXFrameworksBuildPhase section */

/* Begin PBXGroup section */
		0D1317E047294DDB144C138D /* Pods */ = {
			isa = PBXGroup;
			children = (
				03E403127CF1FCB38AD78C08 /* Pods-Hex.debug.xcconfig */,
				FF1A0D053A50613DD2D628E2 /* Pods-Hex.release.xcconfig */,
			);
			path = Pods;
			sourceTree = "<group>";
		};
		A5AF3582F03B13BAD3829BB0 /* Frameworks */ = {
			isa = PBXGroup;
			children = (
				836D1F4CEAD4DC96B19FAB2D /* Pods_Hex.framework */,
			);
			name = Frameworks;
			sourceTree = "<group>";
		};
		C11F648825F023200094C266 /* Assets */ = {
			isa = PBXGroup;
			children = (
				C13B9ED3260283DE00843545 /* PressStart2P-Regular.ttf */,
				C16DA13A25FC65620059C426 /* AppIcon.appiconset */,
				C69FD62125F957450077394D /* Sounds */,
				C131A08425EF47A50060193A /* KronaOne-Regular.ttf */,
				C16DA17D25FC6A5C0059C426 /* DotGothic16-Regular.ttf */,
			);
			path = Assets;
			sourceTree = "<group>";
		};
		C16DA13A25FC65620059C426 /* AppIcon.appiconset */ = {
			isa = PBXGroup;
			children = (
				C16DA13B25FC65620059C426 /* 88.png */,
				C16DA13C25FC65620059C426 /* 1024.png */,
				C16DA13D25FC65620059C426 /* 76.png */,
				C16DA13E25FC65620059C426 /* 60.png */,
				C16DA13F25FC65620059C426 /* 48.png */,
				C16DA14025FC65620059C426 /* 216.png */,
				C16DA14125FC65620059C426 /* 64.png */,
				C16DA14225FC65620059C426 /* 58.png */,
				C16DA14325FC65620059C426 /* 167.png */,
				C16DA14425FC65620059C426 /* 72.png */,
				C16DA14525FC65620059C426 /* 172.png */,
				C16DA14625FC65620059C426 /* 29.png */,
				C16DA14725FC65620059C426 /* 100.png */,
				C16DA14825FC65620059C426 /* 114.png */,
				C16DA14925FC65620059C426 /* 128.png */,
				C16DA14A25FC65620059C426 /* 512.png */,
				C16DA14C25FC65620059C426 /* 120.png */,
				C16DA14D25FC65620059C426 /* 256.png */,
				C16DA14B25FC65620059C426 /* 16.png */,
				C16DA14E25FC65620059C426 /* 20.png */,
				C16DA14F25FC65620059C426 /* 32.png */,
				C16DA15025FC65620059C426 /* Contents.json */,
				C16DA15125FC65620059C426 /* 180.png */,
				C16DA15225FC65620059C426 /* 57.png */,
				C16DA15325FC65620059C426 /* 80.png */,
				C16DA15425FC65620059C426 /* 55.png */,
				C16DA15525FC65620059C426 /* 196.png */,
				C16DA15625FC65620059C426 /* 40.png */,
				C16DA15725FC65620059C426 /* 87.png */,
				C16DA15825FC65620059C426 /* 50.png */,
				C16DA15925FC65620059C426 /* 144.png */,
				C16DA15A25FC65620059C426 /* 152.png */,
			);
			path = AppIcon.appiconset;
			sourceTree = "<group>";
		};
		C627D3CE26051CDD00EA0DD5 /* UI */ = {
			isa = PBXGroup;
			children = (
				C627D3CF26051DC400EA0DD5 /* CountdownTimer.swift */,
				C6029D3726014A04005FBD3B /* FBButton.swift */,
				C6DB98CA260E7CE800ED794D /* InviteButton.swift */,
				C1971808263774BE00411E88 /* FriendsButton.swift */,
			);
			path = UI;
			sourceTree = "<group>";
		};
		C64CC85B26013F800044B780 /* Home */ = {
			isa = PBXGroup;
			children = (
				C1102C4126041FEB00C128B2 /* LoadingView.swift */,
				C101D1E325DC5789000E86E0 /* WelcomeView.swift */,
				C1FA00102605280A0077C7E3 /* LaunchScreen.storyboard */,
				C663D3AC2618158D002A711D /* FriendList.swift */,
			);
			path = Home;
			sourceTree = "<group>";
		};
		C64CC85C26013FB20044B780 /* Board */ = {
			isa = PBXGroup;
			children = (
				C699738F25D9F96600337F70 /* HexGrid.swift */,
				C699739325D9FF2800337F70 /* CellView.swift */,
				C18DD74925DEFDD600A29151 /* RedBorder.swift */,
				C18DD74D25DF60BE00A29151 /* BlueBorder.swift */,
			);
			path = Board;
			sourceTree = "<group>";
		};
		C64CC85D26013FE10044B780 /* GameModes */ = {
			isa = PBXGroup;
			children = (
				C64CC854260130D40044B780 /* OnlineGameView.swift */,
				C699737A25D9F4DB00337F70 /* GameView.swift */,
			);
			path = GameModes;
			sourceTree = "<group>";
		};
		C64CC85E2601404C0044B780 /* Animation */ = {
			isa = PBXGroup;
			children = (
				C11545AB25E7478100E8B591 /* SparkTractory.swift */,
				C11545AF25E74CF300E8B591 /* SparkView.swift */,
				C11545B225E74E1C00E8B591 /* Firework.swift */,
				C11545B525E7578000E8B591 /* ClassicFirework.swift */,
				C1CE2BB525E77B740012E731 /* ClassFireworkAnimator.swift */,
				C1CE2BB825E7824A0012E731 /* ClassicFireworkController.swift */,
				C1102DA925E8A0180054C992 /* FireworkView.swift */,
			);
			path = Animation;
			sourceTree = "<group>";
		};
		C6596A2D25DB0AA400A0F94B /* Game */ = {
			isa = PBXGroup;
			children = (
				C6B09AD625DE13C000C96782 /* Modes */,
				C1D1CFE125DA0ED500A6EAAE /* Cell.swift */,
				C6596A2E25DB0B0200A0F94B /* GameBoard.swift */,
				C69FD62525F9578F0077394D /* PlaySound.swift */,
			);
			path = Game;
			sourceTree = "<group>";
		};
		C6596A3125DB11D900A0F94B /* Extensions */ = {
			isa = PBXGroup;
			children = (
				C1000AA126019F06009A1B80 /* Spinning.swift */,
				C6227AD425F2B085008E301E /* Deque.swift */,
				C6596A3225DB11F000A0F94B /* Queue.swift */,
				C1D1CFE625DB6CBE00A6EAAE /* Array+Identifiable.swift */,
				C1CE2BBB25E792BE0012E731 /* CGPoint+Extensions.swift */,
				C600184D25E8AE1E00DB9CDC /* Int+Extension.swift */,
				C64D0D1C26028DA5001E6706 /* UIImage+Extension.swift */,
			);
			path = Extensions;
			sourceTree = "<group>";
		};
		C6596A4525DB400D00A0F94B /* AI */ = {
			isa = PBXGroup;
			children = (
				C6596A4625DB40B400A0F94B /* MonteCarlo.swift */,
				C6B09AD325DE126000C96782 /* DumpAI.swift */,
				C600184725E895BE00DB9CDC /* Minimax.swift */,
			);
			path = AI;
			sourceTree = "<group>";
		};
		C699736C25D9F4DB00337F70 = {
			isa = PBXGroup;
			children = (
				C699737725D9F4DB00337F70 /* Hex */,
				C699737625D9F4DB00337F70 /* Products */,
				0D1317E047294DDB144C138D /* Pods */,
				A5AF3582F03B13BAD3829BB0 /* Frameworks */,
			);
			sourceTree = "<group>";
		};
		C699737625D9F4DB00337F70 /* Products */ = {
			isa = PBXGroup;
			children = (
				C699737525D9F4DB00337F70 /* Hex.app */,
			);
			name = Products;
			sourceTree = "<group>";
		};
		C699737725D9F4DB00337F70 /* Hex */ = {
			isa = PBXGroup;
			children = (
				C6DB98B5260D7BEF00ED794D /* Hex.entitlements */,
				C11F648825F023200094C266 /* Assets */,
				C6596A4525DB400D00A0F94B /* AI */,
				C699737C25D9F4DC00337F70 /* Assets.xcassets */,
				C6596A3125DB11D900A0F94B /* Extensions */,
				C6596A2D25DB0AA400A0F94B /* Game */,
				C699737825D9F4DB00337F70 /* HexApp.swift */,
				C63E4841261E39E800DC2EFF /* GoogleService-Info.plist */,
				C699738125D9F4DC00337F70 /* Info.plist */,
				C699737E25D9F4DC00337F70 /* Preview Content */,
				C699739225D9FEF300337F70 /* Views */,
				C1BE71A4260FC8D90049751E /* NetworkConnection.swift */,
			);
			path = Hex;
			sourceTree = "<group>";
		};
		C699737E25D9F4DC00337F70 /* Preview Content */ = {
			isa = PBXGroup;
			children = (
				C699737F25D9F4DC00337F70 /* Preview Assets.xcassets */,
			);
			path = "Preview Content";
			sourceTree = "<group>";
		};
		C699738825D9F4EE00337F70 /* Shapes */ = {
			isa = PBXGroup;
			children = (
				C699738925D9F51C00337F70 /* PolygonShape.swift */,
			);
			path = Shapes;
			sourceTree = "<group>";
		};
		C699739225D9FEF300337F70 /* Views */ = {
			isa = PBXGroup;
			children = (
				C627D3CE26051CDD00EA0DD5 /* UI */,
				C699738825D9F4EE00337F70 /* Shapes */,
				C64CC85E2601404C0044B780 /* Animation */,
				C64CC85D26013FE10044B780 /* GameModes */,
				C64CC85C26013FB20044B780 /* Board */,
				C64CC85B26013F800044B780 /* Home */,
				C10AA70025EA2C59006C7531 /* PopupView.swift */,
				C69FD61E25F94F4B0077394D /* HowToPlayView.swift */,
				C696A51A2605319F0073D313 /* MainView.swift */,
				C696A51D260531EC0073D313 /* ViewRouter.swift */,
				C136486F26072F4000BDC73F /* ModalState.swift */,
				C13648722607310700BDC73F /* ModalAnchorView.swift */,
				C13648752607316800BDC73F /* ModalManager.swift */,
				C13648782607325300BDC73F /* ModalView.swift */,
			);
			path = Views;
			sourceTree = "<group>";
		};
		C69FD62125F957450077394D /* Sounds */ = {
			isa = PBXGroup;
			children = (
				C1AFFB6D260ADE9B0030AD7A /* error.wav */,
				C1781A8D2600154C003A1168 /* win.mp3 */,
				C1781A85260014AD003A1168 /* lose.mp3 */,
				C1781A87260014AD003A1168 /* move.wav */,
				C16DA18625FCAD220059C426 /* move.mp3 */,
				C16DA18525FCAD220059C426 /* musicBox.mp3 */,
				C69FD62B25F95F950077394D /* MouseClick.mp3 */,
				C69FD62825F95D040077394D /* WaterDrop.mp3 */,
				C69FD62225F957570077394D /* KeyboardTap.mp3 */,
			);
			path = Sounds;
			sourceTree = "<group>";
		};
		C6B09AD625DE13C000C96782 /* Modes */ = {
			isa = PBXGroup;
			children = (
				C6596A3725DB1BA500A0F94B /* TwoPlayersGame.swift */,
				C6B09AD725DE142D00C96782 /* SinglePlayerGame.swift */,
				C6B09ADA25DEF36E00C96782 /* GameMode.swift */,
				C644BB1425FEA25A008A7B64 /* OnlineGame.swift */,
			);
			path = Modes;
			sourceTree = "<group>";
		};
/* End PBXGroup section */

/* Begin PBXNativeTarget section */
		C699737425D9F4DB00337F70 /* Hex */ = {
			isa = PBXNativeTarget;
			buildConfigurationList = C699738425D9F4DC00337F70 /* Build configuration list for PBXNativeTarget "Hex" */;
			buildPhases = (
				86F49C458E959BCB97E37233 /* [CP] Check Pods Manifest.lock */,
				C699737125D9F4DB00337F70 /* Sources */,
				C699737225D9F4DB00337F70 /* Frameworks */,
				C699737325D9F4DB00337F70 /* Resources */,
				B812A98ED1FE44083DAD1878 /* [CP] Embed Pods Frameworks */,
			);
			buildRules = (
			);
			dependencies = (
			);
			name = Hex;
			productName = Hex;
			productReference = C699737525D9F4DB00337F70 /* Hex.app */;
			productType = "com.apple.product-type.application";
		};
/* End PBXNativeTarget section */

/* Begin PBXProject section */
		C699736D25D9F4DB00337F70 /* Project object */ = {
			isa = PBXProject;
			attributes = {
				LastSwiftUpdateCheck = 1240;
				LastUpgradeCheck = 1240;
				TargetAttributes = {
					C699737425D9F4DB00337F70 = {
						CreatedOnToolsVersion = 12.4;
					};
				};
			};
			buildConfigurationList = C699737025D9F4DB00337F70 /* Build configuration list for PBXProject "Hex" */;
			compatibilityVersion = "Xcode 9.3";
			developmentRegion = en;
			hasScannedForEncodings = 0;
			knownRegions = (
				en,
				Base,
			);
			mainGroup = C699736C25D9F4DB00337F70;
			productRefGroup = C699737625D9F4DB00337F70 /* Products */;
			projectDirPath = "";
			projectRoot = "";
			targets = (
				C699737425D9F4DB00337F70 /* Hex */,
			);
		};
/* End PBXProject section */

/* Begin PBXResourcesBuildPhase section */
		C699737325D9F4DB00337F70 /* Resources */ = {
			isa = PBXResourcesBuildPhase;
			buildActionMask = 2147483647;
			files = (
				C1781A8E2600154C003A1168 /* win.mp3 in Resources */,
				C1FA00112605280A0077C7E3 /* LaunchScreen.storyboard in Resources */,
				C16DA16825FC65620059C426 /* 114.png in Resources */,
				C16DA16D25FC65620059C426 /* 256.png in Resources */,
				C13B9ED4260283DE00843545 /* PressStart2P-Regular.ttf in Resources */,
				C16DA16F25FC65620059C426 /* 32.png in Resources */,
				C16DA17525FC65620059C426 /* 196.png in Resources */,
				C16DA18725FCAD220059C426 /* musicBox.mp3 in Resources */,
				C16DA18825FCAD220059C426 /* move.mp3 in Resources */,
				C16DA17425FC65620059C426 /* 55.png in Resources */,
				C16DA17625FC65620059C426 /* 40.png in Resources */,
				C16DA16625FC65620059C426 /* 29.png in Resources */,
				C16DA17125FC65620059C426 /* 180.png in Resources */,
				C16DA17225FC65620059C426 /* 57.png in Resources */,
				C16DA16125FC65620059C426 /* 64.png in Resources */,
				C16DA17A25FC65620059C426 /* 152.png in Resources */,
				C1781A8A260014AD003A1168 /* move.wav in Resources */,
				C16DA16925FC65620059C426 /* 128.png in Resources */,
				C1781A88260014AD003A1168 /* lose.mp3 in Resources */,
				C63E4842261E39E800DC2EFF /* GoogleService-Info.plist in Resources */,
				C16DA16A25FC65620059C426 /* 512.png in Resources */,
				C699738025D9F4DC00337F70 /* Preview Assets.xcassets in Resources */,
				C16DA16425FC65620059C426 /* 72.png in Resources */,
				C16DA16725FC65620059C426 /* 100.png in Resources */,
				C16DA17725FC65620059C426 /* 87.png in Resources */,
				C131A08525EF47A50060193A /* KronaOne-Regular.ttf in Resources */,
				C16DA15C25FC65620059C426 /* 1024.png in Resources */,
				C16DA17E25FC6A5C0059C426 /* DotGothic16-Regular.ttf in Resources */,
				C16DA16025FC65620059C426 /* 216.png in Resources */,
				C699737D25D9F4DC00337F70 /* Assets.xcassets in Resources */,
				C16DA16E25FC65620059C426 /* 20.png in Resources */,
				C69FD62925F95D040077394D /* WaterDrop.mp3 in Resources */,
				C16DA15E25FC65620059C426 /* 60.png in Resources */,
				C16DA16225FC65620059C426 /* 58.png in Resources */,
				C16DA15D25FC65620059C426 /* 76.png in Resources */,
				C16DA17925FC65620059C426 /* 144.png in Resources */,
				C69FD62325F957570077394D /* KeyboardTap.mp3 in Resources */,
				C16DA16B25FC65620059C426 /* 16.png in Resources */,
				C16DA16525FC65620059C426 /* 172.png in Resources */,
				C16DA15B25FC65620059C426 /* 88.png in Resources */,
				C16DA16325FC65620059C426 /* 167.png in Resources */,
				C16DA17825FC65620059C426 /* 50.png in Resources */,
				C16DA17325FC65620059C426 /* 80.png in Resources */,
				C16DA16C25FC65620059C426 /* 120.png in Resources */,
				C16DA15F25FC65620059C426 /* 48.png in Resources */,
				C69FD62C25F95F950077394D /* MouseClick.mp3 in Resources */,
				C16DA17025FC65620059C426 /* Contents.json in Resources */,
				C1AFFB6E260ADE9B0030AD7A /* error.wav in Resources */,
			);
			runOnlyForDeploymentPostprocessing = 0;
		};
/* End PBXResourcesBuildPhase section */

/* Begin PBXShellScriptBuildPhase section */
		86F49C458E959BCB97E37233 /* [CP] Check Pods Manifest.lock */ = {
			isa = PBXShellScriptBuildPhase;
			buildActionMask = 2147483647;
			files = (
			);
			inputFileListPaths = (
			);
			inputPaths = (
				"${PODS_PODFILE_DIR_PATH}/Podfile.lock",
				"${PODS_ROOT}/Manifest.lock",
			);
			name = "[CP] Check Pods Manifest.lock";
			outputFileListPaths = (
			);
			outputPaths = (
				"$(DERIVED_FILE_DIR)/Pods-Hex-checkManifestLockResult.txt",
			);
			runOnlyForDeploymentPostprocessing = 0;
			shellPath = /bin/sh;
			shellScript = "diff \"${PODS_PODFILE_DIR_PATH}/Podfile.lock\" \"${PODS_ROOT}/Manifest.lock\" > /dev/null\nif [ $? != 0 ] ; then\n    # print error to STDERR\n    echo \"error: The sandbox is not in sync with the Podfile.lock. Run 'pod install' or update your CocoaPods installation.\" >&2\n    exit 1\nfi\n# This output is used by Xcode 'outputs' to avoid re-running this script phase.\necho \"SUCCESS\" > \"${SCRIPT_OUTPUT_FILE_0}\"\n";
			showEnvVarsInLog = 0;
		};
		B812A98ED1FE44083DAD1878 /* [CP] Embed Pods Frameworks */ = {
			isa = PBXShellScriptBuildPhase;
			buildActionMask = 2147483647;
			files = (
			);
			inputFileListPaths = (
				"${PODS_ROOT}/Target Support Files/Pods-Hex/Pods-Hex-frameworks-${CONFIGURATION}-input-files.xcfilelist",
			);
			name = "[CP] Embed Pods Frameworks";
			outputFileListPaths = (
				"${PODS_ROOT}/Target Support Files/Pods-Hex/Pods-Hex-frameworks-${CONFIGURATION}-output-files.xcfilelist",
			);
			runOnlyForDeploymentPostprocessing = 0;
			shellPath = /bin/sh;
			shellScript = "\"${PODS_ROOT}/Target Support Files/Pods-Hex/Pods-Hex-frameworks.sh\"\n";
			showEnvVarsInLog = 0;
		};
/* End PBXShellScriptBuildPhase section */

/* Begin PBXSourcesBuildPhase section */
		C699737125D9F4DB00337F70 /* Sources */ = {
			isa = PBXSourcesBuildPhase;
			buildActionMask = 2147483647;
			files = (
				C663D3AD2618158D002A711D /* FriendList.swift in Sources */,
				C699737B25D9F4DB00337F70 /* GameView.swift in Sources */,
				C699739425D9FF2800337F70 /* CellView.swift in Sources */,
				C699737925D9F4DB00337F70 /* HexApp.swift in Sources */,
				C6596A4725DB40B400A0F94B /* MonteCarlo.swift in Sources */,
				C1CE2BB625E77B740012E731 /* ClassFireworkAnimator.swift in Sources */,
				C696A51E260531EC0073D313 /* ViewRouter.swift in Sources */,
				C13648732607310700BDC73F /* ModalAnchorView.swift in Sources */,
				C6596A3325DB11F000A0F94B /* Queue.swift in Sources */,
				C69FD61F25F94F4B0077394D /* HowToPlayView.swift in Sources */,
				C6B09ADB25DEF36E00C96782 /* GameMode.swift in Sources */,
				C69FD62625F9578F0077394D /* PlaySound.swift in Sources */,
				C600184E25E8AE1E00DB9CDC /* Int+Extension.swift in Sources */,
				C644BB1525FEA25A008A7B64 /* OnlineGame.swift in Sources */,
				C1102C4226041FEB00C128B2 /* LoadingView.swift in Sources */,
				C1CE2BB925E7824A0012E731 /* ClassicFireworkController.swift in Sources */,
				C11545B325E74E1C00E8B591 /* Firework.swift in Sources */,
				C6596A2F25DB0B0200A0F94B /* GameBoard.swift in Sources */,
				C1CE2BBC25E792BE0012E731 /* CGPoint+Extensions.swift in Sources */,
				C1000AA226019F06009A1B80 /* Spinning.swift in Sources */,
				C6029D3826014A04005FBD3B /* FBButton.swift in Sources */,
				C136487026072F4000BDC73F /* ModalState.swift in Sources */,
				C18DD74E25DF60BE00A29151 /* BlueBorder.swift in Sources */,
				C1BE71A5260FC8D90049751E /* NetworkConnection.swift in Sources */,
				C11545AC25E7478100E8B591 /* SparkTractory.swift in Sources */,
				C1D1CFE725DB6CBE00A6EAAE /* Array+Identifiable.swift in Sources */,
				C13648792607325300BDC73F /* ModalView.swift in Sources */,
				C6B09AD425DE126000C96782 /* DumpAI.swift in Sources */,
				C13648762607316800BDC73F /* ModalManager.swift in Sources */,
				C101D1E425DC5789000E86E0 /* WelcomeView.swift in Sources */,
				C11545B625E7578000E8B591 /* ClassicFirework.swift in Sources */,
				C627D3D026051DC400EA0DD5 /* CountdownTimer.swift in Sources */,
				C18DD74A25DEFDD600A29151 /* RedBorder.swift in Sources */,
				C600184825E895BE00DB9CDC /* Minimax.swift in Sources */,
				C699738A25D9F51C00337F70 /* PolygonShape.swift in Sources */,
				C6B09AD825DE142D00C96782 /* SinglePlayerGame.swift in Sources */,
				C11545B025E74CF300E8B591 /* SparkView.swift in Sources */,
				C1971809263774BE00411E88 /* FriendsButton.swift in Sources */,
				C6596A3825DB1BA500A0F94B /* TwoPlayersGame.swift in Sources */,
				C1102DAA25E8A0180054C992 /* FireworkView.swift in Sources */,
				C6227AD525F2B085008E301E /* Deque.swift in Sources */,
				C6DB98CB260E7CE800ED794D /* InviteButton.swift in Sources */,
				C696A51B2605319F0073D313 /* MainView.swift in Sources */,
				C64D0D1D26028DA5001E6706 /* UIImage+Extension.swift in Sources */,
				C64CC855260130D40044B780 /* OnlineGameView.swift in Sources */,
				C699739025D9F96600337F70 /* HexGrid.swift in Sources */,
				C1D1CFE225DA0ED500A6EAAE /* Cell.swift in Sources */,
				C10AA70125EA2C59006C7531 /* PopupView.swift in Sources */,
			);
			runOnlyForDeploymentPostprocessing = 0;
		};
/* End PBXSourcesBuildPhase section */

/* Begin XCBuildConfiguration section */
		C699738225D9F4DC00337F70 /* Debug */ = {
			isa = XCBuildConfiguration;
			buildSettings = {
				ALWAYS_SEARCH_USER_PATHS = NO;
				CLANG_ANALYZER_NONNULL = YES;
				CLANG_ANALYZER_NUMBER_OBJECT_CONVERSION = YES_AGGRESSIVE;
				CLANG_CXX_LANGUAGE_STANDARD = "gnu++14";
				CLANG_CXX_LIBRARY = "libc++";
				CLANG_ENABLE_MODULES = YES;
				CLANG_ENABLE_OBJC_ARC = YES;
				CLANG_ENABLE_OBJC_WEAK = YES;
				CLANG_WARN_BLOCK_CAPTURE_AUTORELEASING = YES;
				CLANG_WARN_BOOL_CONVERSION = YES;
				CLANG_WARN_COMMA = YES;
				CLANG_WARN_CONSTANT_CONVERSION = YES;
				CLANG_WARN_DEPRECATED_OBJC_IMPLEMENTATIONS = YES;
				CLANG_WARN_DIRECT_OBJC_ISA_USAGE = YES_ERROR;
				CLANG_WARN_DOCUMENTATION_COMMENTS = YES;
				CLANG_WARN_EMPTY_BODY = YES;
				CLANG_WARN_ENUM_CONVERSION = YES;
				CLANG_WARN_INFINITE_RECURSION = YES;
				CLANG_WARN_INT_CONVERSION = YES;
				CLANG_WARN_NON_LITERAL_NULL_CONVERSION = YES;
				CLANG_WARN_OBJC_IMPLICIT_RETAIN_SELF = YES;
				CLANG_WARN_OBJC_LITERAL_CONVERSION = YES;
				CLANG_WARN_OBJC_ROOT_CLASS = YES_ERROR;
				CLANG_WARN_QUOTED_INCLUDE_IN_FRAMEWORK_HEADER = YES;
				CLANG_WARN_RANGE_LOOP_ANALYSIS = YES;
				CLANG_WARN_STRICT_PROTOTYPES = YES;
				CLANG_WARN_SUSPICIOUS_MOVE = YES;
				CLANG_WARN_UNGUARDED_AVAILABILITY = YES_AGGRESSIVE;
				CLANG_WARN_UNREACHABLE_CODE = YES;
				CLANG_WARN__DUPLICATE_METHOD_MATCH = YES;
				COPY_PHASE_STRIP = NO;
				DEBUG_INFORMATION_FORMAT = dwarf;
				ENABLE_STRICT_OBJC_MSGSEND = YES;
				ENABLE_TESTABILITY = YES;
				GCC_C_LANGUAGE_STANDARD = gnu11;
				GCC_DYNAMIC_NO_PIC = NO;
				GCC_NO_COMMON_BLOCKS = YES;
				GCC_OPTIMIZATION_LEVEL = 0;
				GCC_PREPROCESSOR_DEFINITIONS = (
					"DEBUG=1",
					"$(inherited)",
				);
				GCC_WARN_64_TO_32_BIT_CONVERSION = YES;
				GCC_WARN_ABOUT_RETURN_TYPE = YES_ERROR;
				GCC_WARN_UNDECLARED_SELECTOR = YES;
				GCC_WARN_UNINITIALIZED_AUTOS = YES_AGGRESSIVE;
				GCC_WARN_UNUSED_FUNCTION = YES;
				GCC_WARN_UNUSED_VARIABLE = YES;
				IPHONEOS_DEPLOYMENT_TARGET = 14.4;
				MTL_ENABLE_DEBUG_INFO = INCLUDE_SOURCE;
				MTL_FAST_MATH = YES;
				ONLY_ACTIVE_ARCH = YES;
				SDKROOT = iphoneos;
				SWIFT_ACTIVE_COMPILATION_CONDITIONS = DEBUG;
				SWIFT_OPTIMIZATION_LEVEL = "-Onone";
			};
			name = Debug;
		};
		C699738325D9F4DC00337F70 /* Release */ = {
			isa = XCBuildConfiguration;
			buildSettings = {
				ALWAYS_SEARCH_USER_PATHS = NO;
				CLANG_ANALYZER_NONNULL = YES;
				CLANG_ANALYZER_NUMBER_OBJECT_CONVERSION = YES_AGGRESSIVE;
				CLANG_CXX_LANGUAGE_STANDARD = "gnu++14";
				CLANG_CXX_LIBRARY = "libc++";
				CLANG_ENABLE_MODULES = YES;
				CLANG_ENABLE_OBJC_ARC = YES;
				CLANG_ENABLE_OBJC_WEAK = YES;
				CLANG_WARN_BLOCK_CAPTURE_AUTORELEASING = YES;
				CLANG_WARN_BOOL_CONVERSION = YES;
				CLANG_WARN_COMMA = YES;
				CLANG_WARN_CONSTANT_CONVERSION = YES;
				CLANG_WARN_DEPRECATED_OBJC_IMPLEMENTATIONS = YES;
				CLANG_WARN_DIRECT_OBJC_ISA_USAGE = YES_ERROR;
				CLANG_WARN_DOCUMENTATION_COMMENTS = YES;
				CLANG_WARN_EMPTY_BODY = YES;
				CLANG_WARN_ENUM_CONVERSION = YES;
				CLANG_WARN_INFINITE_RECURSION = YES;
				CLANG_WARN_INT_CONVERSION = YES;
				CLANG_WARN_NON_LITERAL_NULL_CONVERSION = YES;
				CLANG_WARN_OBJC_IMPLICIT_RETAIN_SELF = YES;
				CLANG_WARN_OBJC_LITERAL_CONVERSION = YES;
				CLANG_WARN_OBJC_ROOT_CLASS = YES_ERROR;
				CLANG_WARN_QUOTED_INCLUDE_IN_FRAMEWORK_HEADER = YES;
				CLANG_WARN_RANGE_LOOP_ANALYSIS = YES;
				CLANG_WARN_STRICT_PROTOTYPES = YES;
				CLANG_WARN_SUSPICIOUS_MOVE = YES;
				CLANG_WARN_UNGUARDED_AVAILABILITY = YES_AGGRESSIVE;
				CLANG_WARN_UNREACHABLE_CODE = YES;
				CLANG_WARN__DUPLICATE_METHOD_MATCH = YES;
				COPY_PHASE_STRIP = NO;
				DEBUG_INFORMATION_FORMAT = "dwarf-with-dsym";
				ENABLE_NS_ASSERTIONS = NO;
				ENABLE_STRICT_OBJC_MSGSEND = YES;
				GCC_C_LANGUAGE_STANDARD = gnu11;
				GCC_NO_COMMON_BLOCKS = YES;
				GCC_WARN_64_TO_32_BIT_CONVERSION = YES;
				GCC_WARN_ABOUT_RETURN_TYPE = YES_ERROR;
				GCC_WARN_UNDECLARED_SELECTOR = YES;
				GCC_WARN_UNINITIALIZED_AUTOS = YES_AGGRESSIVE;
				GCC_WARN_UNUSED_FUNCTION = YES;
				GCC_WARN_UNUSED_VARIABLE = YES;
				IPHONEOS_DEPLOYMENT_TARGET = 14.4;
				MTL_ENABLE_DEBUG_INFO = NO;
				MTL_FAST_MATH = YES;
				SDKROOT = iphoneos;
				SWIFT_COMPILATION_MODE = wholemodule;
				SWIFT_OPTIMIZATION_LEVEL = "-O";
				VALIDATE_PRODUCT = YES;
			};
			name = Release;
		};
		C699738525D9F4DC00337F70 /* Debug */ = {
			isa = XCBuildConfiguration;
			baseConfigurationReference = 03E403127CF1FCB38AD78C08 /* Pods-Hex.debug.xcconfig */;
			buildSettings = {
				ASSETCATALOG_COMPILER_APPICON_NAME = AppIcon;
				ASSETCATALOG_COMPILER_GLOBAL_ACCENT_COLOR_NAME = AccentColor;
				CODE_SIGN_ENTITLEMENTS = Hex/Hex.entitlements;
				CODE_SIGN_STYLE = Automatic;
				DEVELOPMENT_ASSET_PATHS = "\"Hex/Preview Content\"";
				DEVELOPMENT_TEAM = F8WWCGPHV3;
				ENABLE_PREVIEWS = YES;
				INFOPLIST_FILE = Hex/Info.plist;
				IPHONEOS_DEPLOYMENT_TARGET = 14.0;
				LD_RUNPATH_SEARCH_PATHS = (
					"$(inherited)",
					"@executable_path/Frameworks",
				);
				MARKETING_VERSION = 1.1;
				PRODUCT_BUNDLE_IDENTIFIER = com.GD.hex;
				PRODUCT_NAME = "$(TARGET_NAME)";
				SWIFT_VERSION = 5.0;
				TARGETED_DEVICE_FAMILY = "1,2";
			};
			name = Debug;
		};
		C699738625D9F4DC00337F70 /* Release */ = {
			isa = XCBuildConfiguration;
			baseConfigurationReference = FF1A0D053A50613DD2D628E2 /* Pods-Hex.release.xcconfig */;
			buildSettings = {
				ASSETCATALOG_COMPILER_APPICON_NAME = AppIcon;
				ASSETCATALOG_COMPILER_GLOBAL_ACCENT_COLOR_NAME = AccentColor;
				CODE_SIGN_ENTITLEMENTS = Hex/Hex.entitlements;
				CODE_SIGN_STYLE = Automatic;
				DEVELOPMENT_ASSET_PATHS = "\"Hex/Preview Content\"";
				DEVELOPMENT_TEAM = F8WWCGPHV3;
				ENABLE_PREVIEWS = YES;
				INFOPLIST_FILE = Hex/Info.plist;
				IPHONEOS_DEPLOYMENT_TARGET = 14.0;
				LD_RUNPATH_SEARCH_PATHS = (
					"$(inherited)",
					"@executable_path/Frameworks",
				);
				MARKETING_VERSION = 1.1;
				PRODUCT_BUNDLE_IDENTIFIER = com.GD.hex;
				PRODUCT_NAME = "$(TARGET_NAME)";
				SWIFT_VERSION = 5.0;
				TARGETED_DEVICE_FAMILY = "1,2";
			};
			name = Release;
		};
/* End XCBuildConfiguration section */

/* Begin XCConfigurationList section */
		C699737025D9F4DB00337F70 /* Build configuration list for PBXProject "Hex" */ = {
			isa = XCConfigurationList;
			buildConfigurations = (
				C699738225D9F4DC00337F70 /* Debug */,
				C699738325D9F4DC00337F70 /* Release */,
			);
			defaultConfigurationIsVisible = 0;
			defaultConfigurationName = Release;
		};
		C699738425D9F4DC00337F70 /* Build configuration list for PBXNativeTarget "Hex" */ = {
			isa = XCConfigurationList;
			buildConfigurations = (
				C699738525D9F4DC00337F70 /* Debug */,
				C699738625D9F4DC00337F70 /* Release */,
			);
			defaultConfigurationIsVisible = 0;
			defaultConfigurationName = Release;
		};
/* End XCConfigurationList section */
	};
	rootObject = C699736D25D9F4DB00337F70 /* Project object */;
}
